// !$*UTF8*$!
{
	archiveVersion = 1;
	classes = {
	};
	objectVersion = 56;
	objects = {

/* Begin PBXBuildFile section */
		2920D0CB2A81F70B0090D375 /* CategoriesCollectionViewCell.swift in Sources */ = {isa = PBXBuildFile; fileRef = 2920D0C92A81F70B0090D375 /* CategoriesCollectionViewCell.swift */; };
		2920D0CC2A81F70B0090D375 /* CategoriesCollectionViewCell.xib in Resources */ = {isa = PBXBuildFile; fileRef = 2920D0CA2A81F70B0090D375 /* CategoriesCollectionViewCell.xib */; };
		2920D0CF2A8212BA0090D375 /* MomentsCollectionViewCell.swift in Sources */ = {isa = PBXBuildFile; fileRef = 2920D0CD2A8212BA0090D375 /* MomentsCollectionViewCell.swift */; };
		2920D0D02A8212BA0090D375 /* MomentsCollectionViewCell.xib in Resources */ = {isa = PBXBuildFile; fileRef = 2920D0CE2A8212BA0090D375 /* MomentsCollectionViewCell.xib */; };
		2920D0D32A8218C80090D375 /* TrendingChannelCollectionViewCell.swift in Sources */ = {isa = PBXBuildFile; fileRef = 2920D0D12A8218C80090D375 /* TrendingChannelCollectionViewCell.swift */; };
		2920D0D42A8218C80090D375 /* TrendingChannelCollectionViewCell.xib in Resources */ = {isa = PBXBuildFile; fileRef = 2920D0D22A8218C80090D375 /* TrendingChannelCollectionViewCell.xib */; };
		292BD83C2A80CA56002498B7 /* FSPagerView.swift in Sources */ = {isa = PBXBuildFile; fileRef = 292BD83B2A80CA56002498B7 /* FSPagerView.swift */; };
		292BD83E2A80CAA7002498B7 /* FSPagerViewCell.swift in Sources */ = {isa = PBXBuildFile; fileRef = 292BD83D2A80CAA7002498B7 /* FSPagerViewCell.swift */; };
		292BD8402A80CABF002498B7 /* FSPageControl.swift in Sources */ = {isa = PBXBuildFile; fileRef = 292BD83F2A80CABE002498B7 /* FSPageControl.swift */; };
		292BD8422A80CACE002498B7 /* FSPagerCollectionView.swift in Sources */ = {isa = PBXBuildFile; fileRef = 292BD8412A80CACE002498B7 /* FSPagerCollectionView.swift */; };
		292BD8442A80CAEE002498B7 /* FSPagerViewLayoutAttributes.swift in Sources */ = {isa = PBXBuildFile; fileRef = 292BD8432A80CAEE002498B7 /* FSPagerViewLayoutAttributes.swift */; };
		292BD8462A80CB01002498B7 /* FSPageViewLayout.swift in Sources */ = {isa = PBXBuildFile; fileRef = 292BD8452A80CB01002498B7 /* FSPageViewLayout.swift */; };
		292BD8482A80CB09002498B7 /* FSPageViewTransformer.swift in Sources */ = {isa = PBXBuildFile; fileRef = 292BD8472A80CB09002498B7 /* FSPageViewTransformer.swift */; };
		292BD84B2A80E0B6002498B7 /* PopularTVChannelsCollectionViewCell.swift in Sources */ = {isa = PBXBuildFile; fileRef = 292BD8492A80E0B6002498B7 /* PopularTVChannelsCollectionViewCell.swift */; };
		292BD84C2A80E0B6002498B7 /* PopularTVChannelsCollectionViewCell.xib in Resources */ = {isa = PBXBuildFile; fileRef = 292BD84A2A80E0B6002498B7 /* PopularTVChannelsCollectionViewCell.xib */; };
		292BD84F2A80FEBF002498B7 /* CustomHeaderView.swift in Sources */ = {isa = PBXBuildFile; fileRef = 292BD84D2A80FEBF002498B7 /* CustomHeaderView.swift */; };
		292BD8502A80FEBF002498B7 /* CustomHeaderView.xib in Resources */ = {isa = PBXBuildFile; fileRef = 292BD84E2A80FEBF002498B7 /* CustomHeaderView.xib */; };
		293FC87B2A80B83E009299B5 /* AppDelegate.swift in Sources */ = {isa = PBXBuildFile; fileRef = 293FC87A2A80B83E009299B5 /* AppDelegate.swift */; };
		293FC87D2A80B83E009299B5 /* SceneDelegate.swift in Sources */ = {isa = PBXBuildFile; fileRef = 293FC87C2A80B83E009299B5 /* SceneDelegate.swift */; };
		293FC87F2A80B83E009299B5 /* ToffeeHomeViewController.swift in Sources */ = {isa = PBXBuildFile; fileRef = 293FC87E2A80B83E009299B5 /* ToffeeHomeViewController.swift */; };
		293FC8822A80B83E009299B5 /* Main.storyboard in Resources */ = {isa = PBXBuildFile; fileRef = 293FC8802A80B83E009299B5 /* Main.storyboard */; };
		293FC8842A80B83F009299B5 /* Assets.xcassets in Resources */ = {isa = PBXBuildFile; fileRef = 293FC8832A80B83F009299B5 /* Assets.xcassets */; };
		293FC8872A80B83F009299B5 /* LaunchScreen.storyboard in Resources */ = {isa = PBXBuildFile; fileRef = 293FC8852A80B83F009299B5 /* LaunchScreen.storyboard */; };
		293FC8962A80C27E009299B5 /* PagerCollectionViewCell.swift in Sources */ = {isa = PBXBuildFile; fileRef = 293FC8942A80C27E009299B5 /* PagerCollectionViewCell.swift */; };
		293FC8972A80C27E009299B5 /* PagerCollectionViewCell.xib in Resources */ = {isa = PBXBuildFile; fileRef = 293FC8952A80C27E009299B5 /* PagerCollectionViewCell.xib */; };
		2955CA382A8A22650088AB26 /* Data.swift in Sources */ = {isa = PBXBuildFile; fileRef = 2955CA372A8A22650088AB26 /* Data.swift */; };
		2955CA482A8A390E0088AB26 /* HTTPMethods.swift in Sources */ = {isa = PBXBuildFile; fileRef = 2955CA472A8A390E0088AB26 /* HTTPMethods.swift */; };
		2955CA4A2A8A39370088AB26 /* NetworkError.swift in Sources */ = {isa = PBXBuildFile; fileRef = 2955CA492A8A39370088AB26 /* NetworkError.swift */; };
		2955CA4C2A8A39720088AB26 /* Endpoints.swift in Sources */ = {isa = PBXBuildFile; fileRef = 2955CA4B2A8A39720088AB26 /* Endpoints.swift */; };
		2955CA4F2A8A39D70088AB26 /* Constants.swift in Sources */ = {isa = PBXBuildFile; fileRef = 2955CA4E2A8A39D70088AB26 /* Constants.swift */; };
		297E9DA32A8227BF00D2491F /* UIButton + Additions.swift in Sources */ = {isa = PBXBuildFile; fileRef = 297E9DA22A8227BF00D2491F /* UIButton + Additions.swift */; };
		297E9DA62A822ABA00D2491F /* FeedCollectionViewCell.swift in Sources */ = {isa = PBXBuildFile; fileRef = 297E9DA42A822ABA00D2491F /* FeedCollectionViewCell.swift */; };
		297E9DA72A822ABA00D2491F /* FeedCollectionViewCell.xib in Resources */ = {isa = PBXBuildFile; fileRef = 297E9DA52A822ABA00D2491F /* FeedCollectionViewCell.xib */; };
		297E9DA92A82451000D2491F /* UIView + Additions.swift in Sources */ = {isa = PBXBuildFile; fileRef = 297E9DA82A82451000D2491F /* UIView + Additions.swift */; };
		297E9DAC2A82498600D2491F /* AppLayouts.swift in Sources */ = {isa = PBXBuildFile; fileRef = 297E9DAB2A82498600D2491F /* AppLayouts.swift */; };
		297E9DAE2A824E3A00D2491F /* SupplementraryHeaderRegistrationKind.swift in Sources */ = {isa = PBXBuildFile; fileRef = 297E9DAD2A824E3A00D2491F /* SupplementraryHeaderRegistrationKind.swift */; };
		297E9DB52A82509700D2491F /* Home.swift in Sources */ = {isa = PBXBuildFile; fileRef = 297E9DB42A82509700D2491F /* Home.swift */; };
		297E9DB82A82649100D2491F /* ToffeeHomeViewModel.swift in Sources */ = {isa = PBXBuildFile; fileRef = 297E9DB72A82649100D2491F /* ToffeeHomeViewModel.swift */; };
		29C882E32A88B350001A075E /* Episodes.swift in Sources */ = {isa = PBXBuildFile; fileRef = 29C882E22A88B350001A075E /* Episodes.swift */; };
		29C882E62A88B4D1001A075E /* NetworkManager.swift in Sources */ = {isa = PBXBuildFile; fileRef = 29C882E52A88B4D1001A075E /* NetworkManager.swift */; };
		29C882E92A88DF0E001A075E /* UIImageView.swift in Sources */ = {isa = PBXBuildFile; fileRef = 29C882E82A88DF0E001A075E /* UIImageView.swift */; };
/* End PBXBuildFile section */

/* Begin PBXFileReference section */
		2920D0C92A81F70B0090D375 /* CategoriesCollectionViewCell.swift */ = {isa = PBXFileReference; lastKnownFileType = sourcecode.swift; path = CategoriesCollectionViewCell.swift; sourceTree = "<group>"; };
		2920D0CA2A81F70B0090D375 /* CategoriesCollectionViewCell.xib */ = {isa = PBXFileReference; lastKnownFileType = file.xib; path = CategoriesCollectionViewCell.xib; sourceTree = "<group>"; };
		2920D0CD2A8212BA0090D375 /* MomentsCollectionViewCell.swift */ = {isa = PBXFileReference; lastKnownFileType = sourcecode.swift; path = MomentsCollectionViewCell.swift; sourceTree = "<group>"; };
		2920D0CE2A8212BA0090D375 /* MomentsCollectionViewCell.xib */ = {isa = PBXFileReference; lastKnownFileType = file.xib; path = MomentsCollectionViewCell.xib; sourceTree = "<group>"; };
		2920D0D12A8218C80090D375 /* TrendingChannelCollectionViewCell.swift */ = {isa = PBXFileReference; lastKnownFileType = sourcecode.swift; path = TrendingChannelCollectionViewCell.swift; sourceTree = "<group>"; };
		2920D0D22A8218C80090D375 /* TrendingChannelCollectionViewCell.xib */ = {isa = PBXFileReference; lastKnownFileType = file.xib; path = TrendingChannelCollectionViewCell.xib; sourceTree = "<group>"; };
		292BD83B2A80CA56002498B7 /* FSPagerView.swift */ = {isa = PBXFileReference; fileEncoding = 4; lastKnownFileType = sourcecode.swift; path = FSPagerView.swift; sourceTree = "<group>"; };
		292BD83D2A80CAA7002498B7 /* FSPagerViewCell.swift */ = {isa = PBXFileReference; fileEncoding = 4; lastKnownFileType = sourcecode.swift; path = FSPagerViewCell.swift; sourceTree = "<group>"; };
		292BD83F2A80CABE002498B7 /* FSPageControl.swift */ = {isa = PBXFileReference; fileEncoding = 4; lastKnownFileType = sourcecode.swift; path = FSPageControl.swift; sourceTree = "<group>"; };
		292BD8412A80CACE002498B7 /* FSPagerCollectionView.swift */ = {isa = PBXFileReference; fileEncoding = 4; lastKnownFileType = sourcecode.swift; path = FSPagerCollectionView.swift; sourceTree = "<group>"; };
		292BD8432A80CAEE002498B7 /* FSPagerViewLayoutAttributes.swift */ = {isa = PBXFileReference; fileEncoding = 4; lastKnownFileType = sourcecode.swift; path = FSPagerViewLayoutAttributes.swift; sourceTree = "<group>"; };
		292BD8452A80CB01002498B7 /* FSPageViewLayout.swift */ = {isa = PBXFileReference; fileEncoding = 4; lastKnownFileType = sourcecode.swift; path = FSPageViewLayout.swift; sourceTree = "<group>"; };
		292BD8472A80CB09002498B7 /* FSPageViewTransformer.swift */ = {isa = PBXFileReference; fileEncoding = 4; lastKnownFileType = sourcecode.swift; path = FSPageViewTransformer.swift; sourceTree = "<group>"; };
		292BD8492A80E0B6002498B7 /* PopularTVChannelsCollectionViewCell.swift */ = {isa = PBXFileReference; lastKnownFileType = sourcecode.swift; path = PopularTVChannelsCollectionViewCell.swift; sourceTree = "<group>"; };
		292BD84A2A80E0B6002498B7 /* PopularTVChannelsCollectionViewCell.xib */ = {isa = PBXFileReference; lastKnownFileType = file.xib; path = PopularTVChannelsCollectionViewCell.xib; sourceTree = "<group>"; };
		292BD84D2A80FEBF002498B7 /* CustomHeaderView.swift */ = {isa = PBXFileReference; lastKnownFileType = sourcecode.swift; path = CustomHeaderView.swift; sourceTree = "<group>"; };
		292BD84E2A80FEBF002498B7 /* CustomHeaderView.xib */ = {isa = PBXFileReference; lastKnownFileType = file.xib; path = CustomHeaderView.xib; sourceTree = "<group>"; };
		293FC8772A80B83E009299B5 /* ToffeeHome.app */ = {isa = PBXFileReference; explicitFileType = wrapper.application; includeInIndex = 0; path = ToffeeHome.app; sourceTree = BUILT_PRODUCTS_DIR; };
		293FC87A2A80B83E009299B5 /* AppDelegate.swift */ = {isa = PBXFileReference; lastKnownFileType = sourcecode.swift; path = AppDelegate.swift; sourceTree = "<group>"; };
		293FC87C2A80B83E009299B5 /* SceneDelegate.swift */ = {isa = PBXFileReference; lastKnownFileType = sourcecode.swift; path = SceneDelegate.swift; sourceTree = "<group>"; };
		293FC87E2A80B83E009299B5 /* ToffeeHomeViewController.swift */ = {isa = PBXFileReference; lastKnownFileType = sourcecode.swift; path = ToffeeHomeViewController.swift; sourceTree = "<group>"; };
		293FC8812A80B83E009299B5 /* Base */ = {isa = PBXFileReference; lastKnownFileType = file.storyboard; name = Base; path = Base.lproj/Main.storyboard; sourceTree = "<group>"; };
		293FC8832A80B83F009299B5 /* Assets.xcassets */ = {isa = PBXFileReference; lastKnownFileType = folder.assetcatalog; path = Assets.xcassets; sourceTree = "<group>"; };
		293FC8862A80B83F009299B5 /* Base */ = {isa = PBXFileReference; lastKnownFileType = file.storyboard; name = Base; path = Base.lproj/LaunchScreen.storyboard; sourceTree = "<group>"; };
		293FC8882A80B83F009299B5 /* Info.plist */ = {isa = PBXFileReference; lastKnownFileType = text.plist.xml; path = Info.plist; sourceTree = "<group>"; };
		293FC8942A80C27E009299B5 /* PagerCollectionViewCell.swift */ = {isa = PBXFileReference; lastKnownFileType = sourcecode.swift; path = PagerCollectionViewCell.swift; sourceTree = "<group>"; };
		293FC8952A80C27E009299B5 /* PagerCollectionViewCell.xib */ = {isa = PBXFileReference; lastKnownFileType = file.xib; path = PagerCollectionViewCell.xib; sourceTree = "<group>"; };
		2955CA372A8A22650088AB26 /* Data.swift */ = {isa = PBXFileReference; lastKnownFileType = sourcecode.swift; path = Data.swift; sourceTree = "<group>"; };
		2955CA472A8A390E0088AB26 /* HTTPMethods.swift */ = {isa = PBXFileReference; lastKnownFileType = sourcecode.swift; path = HTTPMethods.swift; sourceTree = "<group>"; };
		2955CA492A8A39370088AB26 /* NetworkError.swift */ = {isa = PBXFileReference; lastKnownFileType = sourcecode.swift; path = NetworkError.swift; sourceTree = "<group>"; };
		2955CA4B2A8A39720088AB26 /* Endpoints.swift */ = {isa = PBXFileReference; lastKnownFileType = sourcecode.swift; path = Endpoints.swift; sourceTree = "<group>"; };
		2955CA4E2A8A39D70088AB26 /* Constants.swift */ = {isa = PBXFileReference; lastKnownFileType = sourcecode.swift; path = Constants.swift; sourceTree = "<group>"; };
		297E9DA22A8227BF00D2491F /* UIButton + Additions.swift */ = {isa = PBXFileReference; lastKnownFileType = sourcecode.swift; path = "UIButton + Additions.swift"; sourceTree = "<group>"; };
		297E9DA42A822ABA00D2491F /* FeedCollectionViewCell.swift */ = {isa = PBXFileReference; lastKnownFileType = sourcecode.swift; path = FeedCollectionViewCell.swift; sourceTree = "<group>"; };
		297E9DA52A822ABA00D2491F /* FeedCollectionViewCell.xib */ = {isa = PBXFileReference; lastKnownFileType = file.xib; path = FeedCollectionViewCell.xib; sourceTree = "<group>"; };
		297E9DA82A82451000D2491F /* UIView + Additions.swift */ = {isa = PBXFileReference; lastKnownFileType = sourcecode.swift; path = "UIView + Additions.swift"; sourceTree = "<group>"; };
		297E9DAB2A82498600D2491F /* AppLayouts.swift */ = {isa = PBXFileReference; lastKnownFileType = sourcecode.swift; path = AppLayouts.swift; sourceTree = "<group>"; };
		297E9DAD2A824E3A00D2491F /* SupplementraryHeaderRegistrationKind.swift */ = {isa = PBXFileReference; lastKnownFileType = sourcecode.swift; path = SupplementraryHeaderRegistrationKind.swift; sourceTree = "<group>"; };
		297E9DB42A82509700D2491F /* Home.swift */ = {isa = PBXFileReference; lastKnownFileType = sourcecode.swift; path = Home.swift; sourceTree = "<group>"; };
		297E9DB72A82649100D2491F /* ToffeeHomeViewModel.swift */ = {isa = PBXFileReference; lastKnownFileType = sourcecode.swift; path = ToffeeHomeViewModel.swift; sourceTree = "<group>"; };
		29C882E22A88B350001A075E /* Episodes.swift */ = {isa = PBXFileReference; lastKnownFileType = sourcecode.swift; path = Episodes.swift; sourceTree = "<group>"; };
		29C882E52A88B4D1001A075E /* NetworkManager.swift */ = {isa = PBXFileReference; lastKnownFileType = sourcecode.swift; path = NetworkManager.swift; sourceTree = "<group>"; };
		29C882E82A88DF0E001A075E /* UIImageView.swift */ = {isa = PBXFileReference; lastKnownFileType = sourcecode.swift; path = UIImageView.swift; sourceTree = "<group>"; };
/* End PBXFileReference section */

/* Begin PBXFrameworksBuildPhase section */
		293FC8742A80B83E009299B5 /* Frameworks */ = {
			isa = PBXFrameworksBuildPhase;
			buildActionMask = 2147483647;
			files = (
			);
			runOnlyForDeploymentPostprocessing = 0;
		};
/* End PBXFrameworksBuildPhase section */

/* Begin PBXGroup section */
		292BD8392A80C9AD002498B7 /* Helpers */ = {
			isa = PBXGroup;
			children = (
				292BD83A2A80C9D7002498B7 /* FSPagerView */,
			);
			path = Helpers;
			sourceTree = "<group>";
		};
		292BD83A2A80C9D7002498B7 /* FSPagerView */ = {
			isa = PBXGroup;
			children = (
				292BD83B2A80CA56002498B7 /* FSPagerView.swift */,
				292BD83D2A80CAA7002498B7 /* FSPagerViewCell.swift */,
				292BD83F2A80CABE002498B7 /* FSPageControl.swift */,
				292BD8412A80CACE002498B7 /* FSPagerCollectionView.swift */,
				292BD8432A80CAEE002498B7 /* FSPagerViewLayoutAttributes.swift */,
				292BD8452A80CB01002498B7 /* FSPageViewLayout.swift */,
				292BD8472A80CB09002498B7 /* FSPageViewTransformer.swift */,
			);
			name = FSPagerView;
			sourceTree = "<group>";
		};
		293FC86E2A80B83E009299B5 = {
			isa = PBXGroup;
			children = (
				293FC8792A80B83E009299B5 /* ToffeeHome */,
				293FC8782A80B83E009299B5 /* Products */,
			);
			sourceTree = "<group>";
		};
		293FC8782A80B83E009299B5 /* Products */ = {
			isa = PBXGroup;
			children = (
				293FC8772A80B83E009299B5 /* ToffeeHome.app */,
			);
			name = Products;
			sourceTree = "<group>";
		};
		293FC8792A80B83E009299B5 /* ToffeeHome */ = {
			isa = PBXGroup;
			children = (
				293FC88E2A80B862009299B5 /* App */,
				297E9DAA2A82496500D2491F /* Model */,
				297E9DB62A82647600D2491F /* ViewModel */,
				293FC8932A80C162009299B5 /* Views */,
				293FC8912A80BA23009299B5 /* ViewController */,
				292BD8392A80C9AD002498B7 /* Helpers */,
				297E9DA12A82279100D2491F /* Extensions */,
				293FC88F2A80B871009299B5 /* Storybaord */,
				293FC8902A80B892009299B5 /* SupportsFiles */,
				2955CA4D2A8A39B00088AB26 /* Constants */,
				29C882E72A88B538001A075E /* NetworkManager */,
			);
			path = ToffeeHome;
			sourceTree = "<group>";
		};
		293FC88E2A80B862009299B5 /* App */ = {
			isa = PBXGroup;
			children = (
				293FC87A2A80B83E009299B5 /* AppDelegate.swift */,
				293FC87C2A80B83E009299B5 /* SceneDelegate.swift */,
			);
			path = App;
			sourceTree = "<group>";
		};
		293FC88F2A80B871009299B5 /* Storybaord */ = {
			isa = PBXGroup;
			children = (
				293FC8852A80B83F009299B5 /* LaunchScreen.storyboard */,
				293FC8802A80B83E009299B5 /* Main.storyboard */,
			);
			path = Storybaord;
			sourceTree = "<group>";
		};
		293FC8902A80B892009299B5 /* SupportsFiles */ = {
			isa = PBXGroup;
			children = (
				293FC8832A80B83F009299B5 /* Assets.xcassets */,
				293FC8882A80B83F009299B5 /* Info.plist */,
			);
			path = SupportsFiles;
			sourceTree = "<group>";
		};
		293FC8912A80BA23009299B5 /* ViewController */ = {
			isa = PBXGroup;
			children = (
				293FC87E2A80B83E009299B5 /* ToffeeHomeViewController.swift */,
			);
			path = ViewController;
			sourceTree = "<group>";
		};
		293FC8932A80C162009299B5 /* Views */ = {
			isa = PBXGroup;
			children = (
				297E9DB02A824F7900D2491F /* CollectionViewCell */,
				297E9DAF2A824F5600D2491F /* Header */,
			);
			path = Views;
			sourceTree = "<group>";
		};
		2955CA4D2A8A39B00088AB26 /* Constants */ = {
			isa = PBXGroup;
			children = (
				2955CA4E2A8A39D70088AB26 /* Constants.swift */,
			);
			name = Constants;
			path = Helpers;
			sourceTree = "<group>";
		};
		297E9DA12A82279100D2491F /* Extensions */ = {
			isa = PBXGroup;
			children = (
				297E9DA22A8227BF00D2491F /* UIButton + Additions.swift */,
				297E9DA82A82451000D2491F /* UIView + Additions.swift */,
				29C882E82A88DF0E001A075E /* UIImageView.swift */,
				2955CA372A8A22650088AB26 /* Data.swift */,
			);
			path = Extensions;
			sourceTree = "<group>";
		};
		297E9DAA2A82496500D2491F /* Model */ = {
			isa = PBXGroup;
			children = (
				297E9DAB2A82498600D2491F /* AppLayouts.swift */,
				297E9DAD2A824E3A00D2491F /* SupplementraryHeaderRegistrationKind.swift */,
				297E9DB42A82509700D2491F /* Home.swift */,
				29C882E22A88B350001A075E /* Episodes.swift */,
				2955CA472A8A390E0088AB26 /* HTTPMethods.swift */,
				2955CA492A8A39370088AB26 /* NetworkError.swift */,
				2955CA4B2A8A39720088AB26 /* Endpoints.swift */,
			);
			path = Model;
			sourceTree = "<group>";
		};
		297E9DAF2A824F5600D2491F /* Header */ = {
			isa = PBXGroup;
			children = (
				292BD84D2A80FEBF002498B7 /* CustomHeaderView.swift */,
				292BD84E2A80FEBF002498B7 /* CustomHeaderView.xib */,
			);
			path = Header;
			sourceTree = "<group>";
		};
		297E9DB02A824F7900D2491F /* CollectionViewCell */ = {
			isa = PBXGroup;
			children = (
				293FC8942A80C27E009299B5 /* PagerCollectionViewCell.swift */,
				293FC8952A80C27E009299B5 /* PagerCollectionViewCell.xib */,
				292BD8492A80E0B6002498B7 /* PopularTVChannelsCollectionViewCell.swift */,
				292BD84A2A80E0B6002498B7 /* PopularTVChannelsCollectionViewCell.xib */,
				2920D0C92A81F70B0090D375 /* CategoriesCollectionViewCell.swift */,
				2920D0CA2A81F70B0090D375 /* CategoriesCollectionViewCell.xib */,
				2920D0CD2A8212BA0090D375 /* MomentsCollectionViewCell.swift */,
				2920D0CE2A8212BA0090D375 /* MomentsCollectionViewCell.xib */,
				2920D0D12A8218C80090D375 /* TrendingChannelCollectionViewCell.swift */,
				2920D0D22A8218C80090D375 /* TrendingChannelCollectionViewCell.xib */,
				297E9DA42A822ABA00D2491F /* FeedCollectionViewCell.swift */,
				297E9DA52A822ABA00D2491F /* FeedCollectionViewCell.xib */,
			);
			path = CollectionViewCell;
			sourceTree = "<group>";
		};
		297E9DB62A82647600D2491F /* ViewModel */ = {
			isa = PBXGroup;
			children = (
				297E9DB72A82649100D2491F /* ToffeeHomeViewModel.swift */,
			);
			path = ViewModel;
			sourceTree = "<group>";
		};
		29C882E72A88B538001A075E /* NetworkManager */ = {
			isa = PBXGroup;
			children = (
				29C882E52A88B4D1001A075E /* NetworkManager.swift */,
			);
			path = NetworkManager;
			sourceTree = "<group>";
		};
/* End PBXGroup section */

/* Begin PBXNativeTarget section */
		293FC8762A80B83E009299B5 /* ToffeeHome */ = {
			isa = PBXNativeTarget;
			buildConfigurationList = 293FC88B2A80B83F009299B5 /* Build configuration list for PBXNativeTarget "ToffeeHome" */;
			buildPhases = (
				293FC8732A80B83E009299B5 /* Sources */,
				293FC8742A80B83E009299B5 /* Frameworks */,
				293FC8752A80B83E009299B5 /* Resources */,
			);
			buildRules = (
			);
			dependencies = (
			);
			name = ToffeeHome;
			productName = ToffeeHome;
			productReference = 293FC8772A80B83E009299B5 /* ToffeeHome.app */;
			productType = "com.apple.product-type.application";
		};
/* End PBXNativeTarget section */

/* Begin PBXProject section */
		293FC86F2A80B83E009299B5 /* Project object */ = {
			isa = PBXProject;
			attributes = {
				BuildIndependentTargetsInParallel = 1;
				LastSwiftUpdateCheck = 1430;
				LastUpgradeCheck = 1430;
				TargetAttributes = {
					293FC8762A80B83E009299B5 = {
						CreatedOnToolsVersion = 14.3.1;
						LastSwiftMigration = 1430;
					};
				};
			};
			buildConfigurationList = 293FC8722A80B83E009299B5 /* Build configuration list for PBXProject "ToffeeHome" */;
			compatibilityVersion = "Xcode 14.0";
			developmentRegion = en;
			hasScannedForEncodings = 0;
			knownRegions = (
				en,
				Base,
			);
			mainGroup = 293FC86E2A80B83E009299B5;
			productRefGroup = 293FC8782A80B83E009299B5 /* Products */;
			projectDirPath = "";
			projectRoot = "";
			targets = (
				293FC8762A80B83E009299B5 /* ToffeeHome */,
			);
		};
/* End PBXProject section */

/* Begin PBXResourcesBuildPhase section */
		293FC8752A80B83E009299B5 /* Resources */ = {
			isa = PBXResourcesBuildPhase;
			buildActionMask = 2147483647;
			files = (
				2920D0D02A8212BA0090D375 /* MomentsCollectionViewCell.xib in Resources */,
				2920D0D42A8218C80090D375 /* TrendingChannelCollectionViewCell.xib in Resources */,
				293FC8872A80B83F009299B5 /* LaunchScreen.storyboard in Resources */,
				293FC8842A80B83F009299B5 /* Assets.xcassets in Resources */,
				293FC8972A80C27E009299B5 /* PagerCollectionViewCell.xib in Resources */,
				292BD84C2A80E0B6002498B7 /* PopularTVChannelsCollectionViewCell.xib in Resources */,
				2920D0CC2A81F70B0090D375 /* CategoriesCollectionViewCell.xib in Resources */,
				292BD8502A80FEBF002498B7 /* CustomHeaderView.xib in Resources */,
				297E9DA72A822ABA00D2491F /* FeedCollectionViewCell.xib in Resources */,
				293FC8822A80B83E009299B5 /* Main.storyboard in Resources */,
			);
			runOnlyForDeploymentPostprocessing = 0;
		};
/* End PBXResourcesBuildPhase section */

/* Begin PBXSourcesBuildPhase section */
		293FC8732A80B83E009299B5 /* Sources */ = {
			isa = PBXSourcesBuildPhase;
			buildActionMask = 2147483647;
			files = (
				292BD8402A80CABF002498B7 /* FSPageControl.swift in Sources */,
				2955CA4A2A8A39370088AB26 /* NetworkError.swift in Sources */,
				293FC87F2A80B83E009299B5 /* ToffeeHomeViewController.swift in Sources */,
				292BD8462A80CB01002498B7 /* FSPageViewLayout.swift in Sources */,
				2955CA4C2A8A39720088AB26 /* Endpoints.swift in Sources */,
				297E9DAE2A824E3A00D2491F /* SupplementraryHeaderRegistrationKind.swift in Sources */,
				292BD83C2A80CA56002498B7 /* FSPagerView.swift in Sources */,
				293FC87B2A80B83E009299B5 /* AppDelegate.swift in Sources */,
				292BD8482A80CB09002498B7 /* FSPageViewTransformer.swift in Sources */,
				2955CA4F2A8A39D70088AB26 /* Constants.swift in Sources */,
				293FC8962A80C27E009299B5 /* PagerCollectionViewCell.swift in Sources */,
				297E9DB82A82649100D2491F /* ToffeeHomeViewModel.swift in Sources */,
				292BD8422A80CACE002498B7 /* FSPagerCollectionView.swift in Sources */,
				2920D0CB2A81F70B0090D375 /* CategoriesCollectionViewCell.swift in Sources */,
				297E9DAC2A82498600D2491F /* AppLayouts.swift in Sources */,
				292BD84F2A80FEBF002498B7 /* CustomHeaderView.swift in Sources */,
				297E9DB52A82509700D2491F /* Home.swift in Sources */,
				2920D0CF2A8212BA0090D375 /* MomentsCollectionViewCell.swift in Sources */,
				292BD84B2A80E0B6002498B7 /* PopularTVChannelsCollectionViewCell.swift in Sources */,
				29C882E92A88DF0E001A075E /* UIImageView.swift in Sources */,
				293FC87D2A80B83E009299B5 /* SceneDelegate.swift in Sources */,
				297E9DA32A8227BF00D2491F /* UIButton + Additions.swift in Sources */,
				297E9DA92A82451000D2491F /* UIView + Additions.swift in Sources */,
				2955CA482A8A390E0088AB26 /* HTTPMethods.swift in Sources */,
				297E9DA62A822ABA00D2491F /* FeedCollectionViewCell.swift in Sources */,
				2920D0D32A8218C80090D375 /* TrendingChannelCollectionViewCell.swift in Sources */,
				29C882E32A88B350001A075E /* Episodes.swift in Sources */,
				29C882E62A88B4D1001A075E /* NetworkManager.swift in Sources */,
				292BD8442A80CAEE002498B7 /* FSPagerViewLayoutAttributes.swift in Sources */,
				2955CA382A8A22650088AB26 /* Data.swift in Sources */,
				292BD83E2A80CAA7002498B7 /* FSPagerViewCell.swift in Sources */,
			);
			runOnlyForDeploymentPostprocessing = 0;
		};
/* End PBXSourcesBuildPhase section */

/* Begin PBXVariantGroup section */
		293FC8802A80B83E009299B5 /* Main.storyboard */ = {
			isa = PBXVariantGroup;
			children = (
				293FC8812A80B83E009299B5 /* Base */,
			);
			name = Main.storyboard;
			sourceTree = "<group>";
		};
		293FC8852A80B83F009299B5 /* LaunchScreen.storyboard */ = {
			isa = PBXVariantGroup;
			children = (
				293FC8862A80B83F009299B5 /* Base */,
			);
			name = LaunchScreen.storyboard;
			sourceTree = "<group>";
		};
/* End PBXVariantGroup section */

/* Begin XCBuildConfiguration section */
		293FC8892A80B83F009299B5 /* Debug */ = {
			isa = XCBuildConfiguration;
			buildSettings = {
				ALWAYS_SEARCH_USER_PATHS = NO;
				CLANG_ANALYZER_NONNULL = YES;
				CLANG_ANALYZER_NUMBER_OBJECT_CONVERSION = YES_AGGRESSIVE;
				CLANG_CXX_LANGUAGE_STANDARD = "gnu++20";
				CLANG_ENABLE_MODULES = YES;
				CLANG_ENABLE_OBJC_ARC = YES;
				CLANG_ENABLE_OBJC_WEAK = YES;
				CLANG_WARN_BLOCK_CAPTURE_AUTORELEASING = YES;
				CLANG_WARN_BOOL_CONVERSION = YES;
				CLANG_WARN_COMMA = YES;
				CLANG_WARN_CONSTANT_CONVERSION = YES;
				CLANG_WARN_DEPRECATED_OBJC_IMPLEMENTATIONS = YES;
				CLANG_WARN_DIRECT_OBJC_ISA_USAGE = YES_ERROR;
				CLANG_WARN_DOCUMENTATION_COMMENTS = YES;
				CLANG_WARN_EMPTY_BODY = YES;
				CLANG_WARN_ENUM_CONVERSION = YES;
				CLANG_WARN_INFINITE_RECURSION = YES;
				CLANG_WARN_INT_CONVERSION = YES;
				CLANG_WARN_NON_LITERAL_NULL_CONVERSION = YES;
				CLANG_WARN_OBJC_IMPLICIT_RETAIN_SELF = YES;
				CLANG_WARN_OBJC_LITERAL_CONVERSION = YES;
				CLANG_WARN_OBJC_ROOT_CLASS = YES_ERROR;
				CLANG_WARN_QUOTED_INCLUDE_IN_FRAMEWORK_HEADER = YES;
				CLANG_WARN_RANGE_LOOP_ANALYSIS = YES;
				CLANG_WARN_STRICT_PROTOTYPES = YES;
				CLANG_WARN_SUSPICIOUS_MOVE = YES;
				CLANG_WARN_UNGUARDED_AVAILABILITY = YES_AGGRESSIVE;
				CLANG_WARN_UNREACHABLE_CODE = YES;
				CLANG_WARN__DUPLICATE_METHOD_MATCH = YES;
				COPY_PHASE_STRIP = NO;
				DEBUG_INFORMATION_FORMAT = dwarf;
				ENABLE_STRICT_OBJC_MSGSEND = YES;
				ENABLE_TESTABILITY = YES;
				GCC_C_LANGUAGE_STANDARD = gnu11;
				GCC_DYNAMIC_NO_PIC = NO;
				GCC_NO_COMMON_BLOCKS = YES;
				GCC_OPTIMIZATION_LEVEL = 0;
				GCC_PREPROCESSOR_DEFINITIONS = (
					"DEBUG=1",
					"$(inherited)",
				);
				GCC_WARN_64_TO_32_BIT_CONVERSION = YES;
				GCC_WARN_ABOUT_RETURN_TYPE = YES_ERROR;
				GCC_WARN_UNDECLARED_SELECTOR = YES;
				GCC_WARN_UNINITIALIZED_AUTOS = YES_AGGRESSIVE;
				GCC_WARN_UNUSED_FUNCTION = YES;
				GCC_WARN_UNUSED_VARIABLE = YES;
				IPHONEOS_DEPLOYMENT_TARGET = 16.4;
				MTL_ENABLE_DEBUG_INFO = INCLUDE_SOURCE;
				MTL_FAST_MATH = YES;
				ONLY_ACTIVE_ARCH = YES;
				SDKROOT = iphoneos;
				SWIFT_ACTIVE_COMPILATION_CONDITIONS = DEBUG;
				SWIFT_OPTIMIZATION_LEVEL = "-Onone";
			};
			name = Debug;
		};
		293FC88A2A80B83F009299B5 /* Release */ = {
			isa = XCBuildConfiguration;
			buildSettings = {
				ALWAYS_SEARCH_USER_PATHS = NO;
				CLANG_ANALYZER_NONNULL = YES;
				CLANG_ANALYZER_NUMBER_OBJECT_CONVERSION = YES_AGGRESSIVE;
				CLANG_CXX_LANGUAGE_STANDARD = "gnu++20";
				CLANG_ENABLE_MODULES = YES;
				CLANG_ENABLE_OBJC_ARC = YES;
				CLANG_ENABLE_OBJC_WEAK = YES;
				CLANG_WARN_BLOCK_CAPTURE_AUTORELEASING = YES;
				CLANG_WARN_BOOL_CONVERSION = YES;
				CLANG_WARN_COMMA = YES;
				CLANG_WARN_CONSTANT_CONVERSION = YES;
				CLANG_WARN_DEPRECATED_OBJC_IMPLEMENTATIONS = YES;
				CLANG_WARN_DIRECT_OBJC_ISA_USAGE = YES_ERROR;
				CLANG_WARN_DOCUMENTATION_COMMENTS = YES;
				CLANG_WARN_EMPTY_BODY = YES;
				CLANG_WARN_ENUM_CONVERSION = YES;
				CLANG_WARN_INFINITE_RECURSION = YES;
				CLANG_WARN_INT_CONVERSION = YES;
				CLANG_WARN_NON_LITERAL_NULL_CONVERSION = YES;
				CLANG_WARN_OBJC_IMPLICIT_RETAIN_SELF = YES;
				CLANG_WARN_OBJC_LITERAL_CONVERSION = YES;
				CLANG_WARN_OBJC_ROOT_CLASS = YES_ERROR;
				CLANG_WARN_QUOTED_INCLUDE_IN_FRAMEWORK_HEADER = YES;
				CLANG_WARN_RANGE_LOOP_ANALYSIS = YES;
				CLANG_WARN_STRICT_PROTOTYPES = YES;
				CLANG_WARN_SUSPICIOUS_MOVE = YES;
				CLANG_WARN_UNGUARDED_AVAILABILITY = YES_AGGRESSIVE;
				CLANG_WARN_UNREACHABLE_CODE = YES;
				CLANG_WARN__DUPLICATE_METHOD_MATCH = YES;
				COPY_PHASE_STRIP = NO;
				DEBUG_INFORMATION_FORMAT = "dwarf-with-dsym";
				ENABLE_NS_ASSERTIONS = NO;
				ENABLE_STRICT_OBJC_MSGSEND = YES;
				GCC_C_LANGUAGE_STANDARD = gnu11;
				GCC_NO_COMMON_BLOCKS = YES;
				GCC_WARN_64_TO_32_BIT_CONVERSION = YES;
				GCC_WARN_ABOUT_RETURN_TYPE = YES_ERROR;
				GCC_WARN_UNDECLARED_SELECTOR = YES;
				GCC_WARN_UNINITIALIZED_AUTOS = YES_AGGRESSIVE;
				GCC_WARN_UNUSED_FUNCTION = YES;
				GCC_WARN_UNUSED_VARIABLE = YES;
				IPHONEOS_DEPLOYMENT_TARGET = 16.4;
				MTL_ENABLE_DEBUG_INFO = NO;
				MTL_FAST_MATH = YES;
				SDKROOT = iphoneos;
				SWIFT_COMPILATION_MODE = wholemodule;
				SWIFT_OPTIMIZATION_LEVEL = "-O";
				VALIDATE_PRODUCT = YES;
			};
			name = Release;
		};
		293FC88C2A80B83F009299B5 /* Debug */ = {
			isa = XCBuildConfiguration;
			buildSettings = {
				ASSETCATALOG_COMPILER_APPICON_NAME = AppIcon;
				ASSETCATALOG_COMPILER_GLOBAL_ACCENT_COLOR_NAME = AccentColor;
				CLANG_ENABLE_MODULES = YES;
				CODE_SIGN_STYLE = Automatic;
				CURRENT_PROJECT_VERSION = 1;
				DEVELOPMENT_TEAM = 3MX7YWN9ZT;
				GENERATE_INFOPLIST_FILE = YES;
				INFOPLIST_FILE = ToffeeHome/SupportsFiles/Info.plist;
				INFOPLIST_KEY_UIApplicationSupportsIndirectInputEvents = YES;
				INFOPLIST_KEY_UILaunchStoryboardName = LaunchScreen;
				INFOPLIST_KEY_UIMainStoryboardFile = Main;
				INFOPLIST_KEY_UISupportedInterfaceOrientations = UIInterfaceOrientationPortrait;
				LD_RUNPATH_SEARCH_PATHS = (
					"$(inherited)",
					"@executable_path/Frameworks",
				);
				MARKETING_VERSION = 1.0;
				PRODUCT_BUNDLE_IDENTIFIER = com.khaled.com.ToffeeHome;
				PRODUCT_NAME = "$(TARGET_NAME)";
				SWIFT_EMIT_LOC_STRINGS = YES;
				SWIFT_OPTIMIZATION_LEVEL = "-Onone";
				SWIFT_VERSION = 5.0;
				TARGETED_DEVICE_FAMILY = "1,2";
			};
			name = Debug;
		};
		293FC88D2A80B83F009299B5 /* Release */ = {
			isa = XCBuildConfiguration;
			buildSettings = {
				ASSETCATALOG_COMPILER_APPICON_NAME = AppIcon;
				ASSETCATALOG_COMPILER_GLOBAL_ACCENT_COLOR_NAME = AccentColor;
				CLANG_ENABLE_MODULES = YES;
				CODE_SIGN_STYLE = Automatic;
				CURRENT_PROJECT_VERSION = 1;
				DEVELOPMENT_TEAM = 3MX7YWN9ZT;
				GENERATE_INFOPLIST_FILE = YES;
				INFOPLIST_FILE = ToffeeHome/SupportsFiles/Info.plist;
				INFOPLIST_KEY_UIApplicationSupportsIndirectInputEvents = YES;
				INFOPLIST_KEY_UILaunchStoryboardName = LaunchScreen;
				INFOPLIST_KEY_UIMainStoryboardFile = Main;
				INFOPLIST_KEY_UISupportedInterfaceOrientations = UIInterfaceOrientationPortrait;
				LD_RUNPATH_SEARCH_PATHS = (
					"$(inherited)",
					"@executable_path/Frameworks",
				);
				MARKETING_VERSION = 1.0;
				PRODUCT_BUNDLE_IDENTIFIER = com.khaled.com.ToffeeHome;
				PRODUCT_NAME = "$(TARGET_NAME)";
				SWIFT_EMIT_LOC_STRINGS = YES;
				SWIFT_VERSION = 5.0;
				TARGETED_DEVICE_FAMILY = "1,2";
			};
			name = Release;
		};
/* End XCBuildConfiguration section */

/* Begin XCConfigurationList section */
		293FC8722A80B83E009299B5 /* Build configuration list for PBXProject "ToffeeHome" */ = {
			isa = XCConfigurationList;
			buildConfigurations = (
				293FC8892A80B83F009299B5 /* Debug */,
				293FC88A2A80B83F009299B5 /* Release */,
			);
			defaultConfigurationIsVisible = 0;
			defaultConfigurationName = Release;
		};
		293FC88B2A80B83F009299B5 /* Build configuration list for PBXNativeTarget "ToffeeHome" */ = {
			isa = XCConfigurationList;
			buildConfigurations = (
				293FC88C2A80B83F009299B5 /* Debug */,
				293FC88D2A80B83F009299B5 /* Release */,
			);
			defaultConfigurationIsVisible = 0;
			defaultConfigurationName = Release;
		};
/* End XCConfigurationList section */
	};
	rootObject = 293FC86F2A80B83E009299B5 /* Project object */;
}
