// !$*UTF8*$!
{
	archiveVersion = 1;
	classes = {
	};
	objectVersion = 56;
	objects = {

/* Begin PBXBuildFile section */
		2920D0CB2A81F70B0090D375 /* CategoriesCollectionViewCell.swift in Sources */ = {isa = PBXBuildFile; fileRef = 2920D0C92A81F70B0090D375 /* CategoriesCollectionViewCell.swift */; };
		2920D0CC2A81F70B0090D375 /* CategoriesCollectionViewCell.xib in Resources */ = {isa = PBXBuildFile; fileRef = 2920D0CA2A81F70B0090D375 /* CategoriesCollectionViewCell.xib */; };
		2920D0CF2A8212BA0090D375 /* MomentsCollectionViewCell.swift in Sources */ = {isa = PBXBuildFile; fileRef = 2920D0CD2A8212BA0090D375 /* MomentsCollectionViewCell.swift */; };
		2920D0D02A8212BA0090D375 /* MomentsCollectionViewCell.xib in Resources */ = {isa = PBXBuildFile; fileRef = 2920D0CE2A8212BA0090D375 /* MomentsCollectionViewCell.xib */; };
		2920D0D32A8218C80090D375 /* TrendingChannelCollectionViewCell.swift in Sources */ = {isa = PBXBuildFile; fileRef = 2920D0D12A8218C80090D375 /* TrendingChannelCollectionViewCell.swift */; };
		2920D0D42A8218C80090D375 /* TrendingChannelCollectionViewCell.xib in Resources */ = {isa = PBXBuildFile; fileRef = 2920D0D22A8218C80090D375 /* TrendingChannelCollectionViewCell.xib */; };
		2929C60C2A91FABB003B3A32 /* Cache.swift in Sources */ = {isa = PBXBuildFile; fileRef = 2929C60B2A91FABB003B3A32 /* Cache.swift */; };
		292BD83C2A80CA56002498B7 /* FSPagerView.swift in Sources */ = {isa = PBXBuildFile; fileRef = 292BD83B2A80CA56002498B7 /* FSPagerView.swift */; };
		292BD83E2A80CAA7002498B7 /* FSPagerViewCell.swift in Sources */ = {isa = PBXBuildFile; fileRef = 292BD83D2A80CAA7002498B7 /* FSPagerViewCell.swift */; };
		292BD8402A80CABF002498B7 /* FSPageControl.swift in Sources */ = {isa = PBXBuildFile; fileRef = 292BD83F2A80CABE002498B7 /* FSPageControl.swift */; };
		292BD8422A80CACE002498B7 /* FSPagerCollectionView.swift in Sources */ = {isa = PBXBuildFile; fileRef = 292BD8412A80CACE002498B7 /* FSPagerCollectionView.swift */; };
		292BD8442A80CAEE002498B7 /* FSPagerViewLayoutAttributes.swift in Sources */ = {isa = PBXBuildFile; fileRef = 292BD8432A80CAEE002498B7 /* FSPagerViewLayoutAttributes.swift */; };
		292BD8462A80CB01002498B7 /* FSPageViewLayout.swift in Sources */ = {isa = PBXBuildFile; fileRef = 292BD8452A80CB01002498B7 /* FSPageViewLayout.swift */; };
		292BD8482A80CB09002498B7 /* FSPageViewTransformer.swift in Sources */ = {isa = PBXBuildFile; fileRef = 292BD8472A80CB09002498B7 /* FSPageViewTransformer.swift */; };
		292BD84B2A80E0B6002498B7 /* PopularTVChannelsCollectionViewCell.swift in Sources */ = {isa = PBXBuildFile; fileRef = 292BD8492A80E0B6002498B7 /* PopularTVChannelsCollectionViewCell.swift */; };
		292BD84C2A80E0B6002498B7 /* PopularTVChannelsCollectionViewCell.xib in Resources */ = {isa = PBXBuildFile; fileRef = 292BD84A2A80E0B6002498B7 /* PopularTVChannelsCollectionViewCell.xib */; };
		292BD84F2A80FEBF002498B7 /* CustomHeaderView.swift in Sources */ = {isa = PBXBuildFile; fileRef = 292BD84D2A80FEBF002498B7 /* CustomHeaderView.swift */; };
		292BD8502A80FEBF002498B7 /* CustomHeaderView.xib in Resources */ = {isa = PBXBuildFile; fileRef = 292BD84E2A80FEBF002498B7 /* CustomHeaderView.xib */; };
		293FC87B2A80B83E009299B5 /* AppDelegate.swift in Sources */ = {isa = PBXBuildFile; fileRef = 293FC87A2A80B83E009299B5 /* AppDelegate.swift */; };
		293FC87D2A80B83E009299B5 /* SceneDelegate.swift in Sources */ = {isa = PBXBuildFile; fileRef = 293FC87C2A80B83E009299B5 /* SceneDelegate.swift */; };
		293FC87F2A80B83E009299B5 /* ToffeeHomeViewController.swift in Sources */ = {isa = PBXBuildFile; fileRef = 293FC87E2A80B83E009299B5 /* ToffeeHomeViewController.swift */; };
		293FC8842A80B83F009299B5 /* Assets.xcassets in Resources */ = {isa = PBXBuildFile; fileRef = 293FC8832A80B83F009299B5 /* Assets.xcassets */; };
		293FC8872A80B83F009299B5 /* LaunchScreen.storyboard in Resources */ = {isa = PBXBuildFile; fileRef = 293FC8852A80B83F009299B5 /* LaunchScreen.storyboard */; };
		293FC8962A80C27E009299B5 /* PagerCollectionViewCell.swift in Sources */ = {isa = PBXBuildFile; fileRef = 293FC8942A80C27E009299B5 /* PagerCollectionViewCell.swift */; };
		293FC8972A80C27E009299B5 /* PagerCollectionViewCell.xib in Resources */ = {isa = PBXBuildFile; fileRef = 293FC8952A80C27E009299B5 /* PagerCollectionViewCell.xib */; };
		2955CA382A8A22650088AB26 /* Data.swift in Sources */ = {isa = PBXBuildFile; fileRef = 2955CA372A8A22650088AB26 /* Data.swift */; };
		2955CA482A8A390E0088AB26 /* HTTPMethods.swift in Sources */ = {isa = PBXBuildFile; fileRef = 2955CA472A8A390E0088AB26 /* HTTPMethods.swift */; };
		2955CA4A2A8A39370088AB26 /* NetworkError.swift in Sources */ = {isa = PBXBuildFile; fileRef = 2955CA492A8A39370088AB26 /* NetworkError.swift */; };
		2955CA4C2A8A39720088AB26 /* Endpoints.swift in Sources */ = {isa = PBXBuildFile; fileRef = 2955CA4B2A8A39720088AB26 /* Endpoints.swift */; };
		2955CA4F2A8A39D70088AB26 /* Constants.swift in Sources */ = {isa = PBXBuildFile; fileRef = 2955CA4E2A8A39D70088AB26 /* Constants.swift */; };
		2955CA522A8A3CA30088AB26 /* CombineNetworkService.swift in Sources */ = {isa = PBXBuildFile; fileRef = 2955CA512A8A3CA30088AB26 /* CombineNetworkService.swift */; };
		295F6E212A932B9F00CB56F2 /* ProfileAssets.xcassets in Resources */ = {isa = PBXBuildFile; fileRef = 295F6E202A932B9F00CB56F2 /* ProfileAssets.xcassets */; };
		295F6E2A2A932D4700CB56F2 /* Montserrat-VariableFont_wght.ttf in Resources */ = {isa = PBXBuildFile; fileRef = 295F6E232A932D4700CB56F2 /* Montserrat-VariableFont_wght.ttf */; };
		295F6E2B2A932D4700CB56F2 /* Montserrat-Medium.ttf in Resources */ = {isa = PBXBuildFile; fileRef = 295F6E242A932D4700CB56F2 /* Montserrat-Medium.ttf */; };
		295F6E2C2A932D4700CB56F2 /* Montserrat-Light.ttf in Resources */ = {isa = PBXBuildFile; fileRef = 295F6E252A932D4700CB56F2 /* Montserrat-Light.ttf */; };
		295F6E2D2A932D4700CB56F2 /* Montserrat-Bold.ttf in Resources */ = {isa = PBXBuildFile; fileRef = 295F6E262A932D4700CB56F2 /* Montserrat-Bold.ttf */; };
		295F6E2E2A932D4700CB56F2 /* Montserrat-SemiBold.ttf in Resources */ = {isa = PBXBuildFile; fileRef = 295F6E272A932D4700CB56F2 /* Montserrat-SemiBold.ttf */; };
		295F6E2F2A932D4700CB56F2 /* Montserrat-ExtraBold.ttf in Resources */ = {isa = PBXBuildFile; fileRef = 295F6E282A932D4700CB56F2 /* Montserrat-ExtraBold.ttf */; };
		295F6E302A932D4700CB56F2 /* Montserrat-Regular.ttf in Resources */ = {isa = PBXBuildFile; fileRef = 295F6E292A932D4700CB56F2 /* Montserrat-Regular.ttf */; };
		295F6E332A932D7000CB56F2 /* AppSetting.swift in Sources */ = {isa = PBXBuildFile; fileRef = 295F6E322A932D7000CB56F2 /* AppSetting.swift */; };
		295F6E352A932E8600CB56F2 /* ContentView.swift in Sources */ = {isa = PBXBuildFile; fileRef = 295F6E342A932E8600CB56F2 /* ContentView.swift */; };
		295F6E3A2A932EA600CB56F2 /* UserProfileEditCard.swift in Sources */ = {isa = PBXBuildFile; fileRef = 295F6E372A932EA600CB56F2 /* UserProfileEditCard.swift */; };
		295F6E3B2A932EA600CB56F2 /* ImagePicker.swift in Sources */ = {isa = PBXBuildFile; fileRef = 295F6E382A932EA600CB56F2 /* ImagePicker.swift */; };
		295F6E3C2A932EA600CB56F2 /* ProfileEdit.swift in Sources */ = {isa = PBXBuildFile; fileRef = 295F6E392A932EA600CB56F2 /* ProfileEdit.swift */; };
		295F6E3F2A932ED200CB56F2 /* Feedback.swift in Sources */ = {isa = PBXBuildFile; fileRef = 295F6E3E2A932ED200CB56F2 /* Feedback.swift */; };
		295F6E432A932EEC00CB56F2 /* HelpAndSupportData.swift in Sources */ = {isa = PBXBuildFile; fileRef = 295F6E412A932EEC00CB56F2 /* HelpAndSupportData.swift */; };
		295F6E442A932EEC00CB56F2 /* HelpAndSupport.swift in Sources */ = {isa = PBXBuildFile; fileRef = 295F6E422A932EEC00CB56F2 /* HelpAndSupport.swift */; };
		295F6E662A932F3600CB56F2 /* LoyaltyPoint.swift in Sources */ = {isa = PBXBuildFile; fileRef = 295F6E462A932F3600CB56F2 /* LoyaltyPoint.swift */; };
		295F6E672A932F3600CB56F2 /* ReferAFriend.swift in Sources */ = {isa = PBXBuildFile; fileRef = 295F6E482A932F3600CB56F2 /* ReferAFriend.swift */; };
		295F6E682A932F3600CB56F2 /* SubscriptionUI.swift in Sources */ = {isa = PBXBuildFile; fileRef = 295F6E4A2A932F3600CB56F2 /* SubscriptionUI.swift */; };
		295F6E692A932F3600CB56F2 /* CardPaymentView.swift in Sources */ = {isa = PBXBuildFile; fileRef = 295F6E4B2A932F3600CB56F2 /* CardPaymentView.swift */; };
		295F6E6A2A932F3600CB56F2 /* CardPaymentModel.swift in Sources */ = {isa = PBXBuildFile; fileRef = 295F6E4D2A932F3600CB56F2 /* CardPaymentModel.swift */; };
		295F6E6B2A932F3600CB56F2 /* PackDetails.swift in Sources */ = {isa = PBXBuildFile; fileRef = 295F6E4E2A932F3600CB56F2 /* PackDetails.swift */; };
		295F6E6C2A932F3600CB56F2 /* PayWithView.swift in Sources */ = {isa = PBXBuildFile; fileRef = 295F6E4F2A932F3600CB56F2 /* PayWithView.swift */; };
		295F6E6E2A932F3600CB56F2 /* ParentalControlThree.swift in Sources */ = {isa = PBXBuildFile; fileRef = 295F6E522A932F3600CB56F2 /* ParentalControlThree.swift */; };
		295F6E6F2A932F3600CB56F2 /* ParentalUnlockTwo.swift in Sources */ = {isa = PBXBuildFile; fileRef = 295F6E532A932F3600CB56F2 /* ParentalUnlockTwo.swift */; };
		295F6E702A932F3600CB56F2 /* ParentalControl.swift in Sources */ = {isa = PBXBuildFile; fileRef = 295F6E542A932F3600CB56F2 /* ParentalControl.swift */; };
		295F6E712A932F3600CB56F2 /* ParentalControlFour.swift in Sources */ = {isa = PBXBuildFile; fileRef = 295F6E552A932F3600CB56F2 /* ParentalControlFour.swift */; };
		295F6E722A932F3600CB56F2 /* CustomAlert.swift in Sources */ = {isa = PBXBuildFile; fileRef = 295F6E562A932F3600CB56F2 /* CustomAlert.swift */; };
		295F6E732A932F3600CB56F2 /* ParentalControlTwo.swift in Sources */ = {isa = PBXBuildFile; fileRef = 295F6E572A932F3600CB56F2 /* ParentalControlTwo.swift */; };
		295F6E742A932F3600CB56F2 /* FrequentlyAskQuestions.swift in Sources */ = {isa = PBXBuildFile; fileRef = 295F6E592A932F3600CB56F2 /* FrequentlyAskQuestions.swift */; };
		295F6E752A932F3600CB56F2 /* Terms&Condition.swift in Sources */ = {isa = PBXBuildFile; fileRef = 295F6E5A2A932F3600CB56F2 /* Terms&Condition.swift */; };
		295F6E762A932F3600CB56F2 /* PrivacyNotice.swift in Sources */ = {isa = PBXBuildFile; fileRef = 295F6E5B2A932F3600CB56F2 /* PrivacyNotice.swift */; };
		295F6E772A932F3600CB56F2 /* Test.swift in Sources */ = {isa = PBXBuildFile; fileRef = 295F6E5C2A932F3600CB56F2 /* Test.swift */; };
		295F6E782A932F3600CB56F2 /* MyWatchList.swift in Sources */ = {isa = PBXBuildFile; fileRef = 295F6E5E2A932F3600CB56F2 /* MyWatchList.swift */; };
		295F6E792A932F3600CB56F2 /* MyWatchListModel.swift in Sources */ = {isa = PBXBuildFile; fileRef = 295F6E5F2A932F3600CB56F2 /* MyWatchListModel.swift */; };
		295F6E7A2A932F3600CB56F2 /* RedeemReferalCode.swift in Sources */ = {isa = PBXBuildFile; fileRef = 295F6E612A932F3600CB56F2 /* RedeemReferalCode.swift */; };
		295F6E7B2A932F3600CB56F2 /* Test2.swift in Sources */ = {isa = PBXBuildFile; fileRef = 295F6E622A932F3600CB56F2 /* Test2.swift */; };
		295F6E7C2A932F3600CB56F2 /* UsagesHistory.swift in Sources */ = {isa = PBXBuildFile; fileRef = 295F6E642A932F3600CB56F2 /* UsagesHistory.swift */; };
		295F6E7D2A932F3600CB56F2 /* UserDataCharts.swift in Sources */ = {isa = PBXBuildFile; fileRef = 295F6E652A932F3600CB56F2 /* UserDataCharts.swift */; };
		295FC83C2A8DD72400D9435E /* ToffeeLoaderView.swift in Sources */ = {isa = PBXBuildFile; fileRef = 295FC83B2A8DD72400D9435E /* ToffeeLoaderView.swift */; };
		295FC83F2A8E150F00D9435E /* NetworkMonitor.swift in Sources */ = {isa = PBXBuildFile; fileRef = 295FC83E2A8E150F00D9435E /* NetworkMonitor.swift */; };
		297E9DA32A8227BF00D2491F /* UIButton + Additions.swift in Sources */ = {isa = PBXBuildFile; fileRef = 297E9DA22A8227BF00D2491F /* UIButton + Additions.swift */; };
		297E9DA62A822ABA00D2491F /* FeedCollectionViewCell.swift in Sources */ = {isa = PBXBuildFile; fileRef = 297E9DA42A822ABA00D2491F /* FeedCollectionViewCell.swift */; };
		297E9DA72A822ABA00D2491F /* FeedCollectionViewCell.xib in Resources */ = {isa = PBXBuildFile; fileRef = 297E9DA52A822ABA00D2491F /* FeedCollectionViewCell.xib */; };
		297E9DA92A82451000D2491F /* UIView + Additions.swift in Sources */ = {isa = PBXBuildFile; fileRef = 297E9DA82A82451000D2491F /* UIView + Additions.swift */; };
		297E9DAC2A82498600D2491F /* AppLayouts.swift in Sources */ = {isa = PBXBuildFile; fileRef = 297E9DAB2A82498600D2491F /* AppLayouts.swift */; };
		297E9DAE2A824E3A00D2491F /* SupplementraryHeaderRegistrationKind.swift in Sources */ = {isa = PBXBuildFile; fileRef = 297E9DAD2A824E3A00D2491F /* SupplementraryHeaderRegistrationKind.swift */; };
		297E9DB52A82509700D2491F /* Home.swift in Sources */ = {isa = PBXBuildFile; fileRef = 297E9DB42A82509700D2491F /* Home.swift */; };
		297E9DB82A82649100D2491F /* ToffeeHomeViewModel.swift in Sources */ = {isa = PBXBuildFile; fileRef = 297E9DB72A82649100D2491F /* ToffeeHomeViewModel.swift */; };
		29C882E32A88B350001A075E /* Episodes.swift in Sources */ = {isa = PBXBuildFile; fileRef = 29C882E22A88B350001A075E /* Episodes.swift */; };
		29C882E62A88B4D1001A075E /* NetworkManager.swift in Sources */ = {isa = PBXBuildFile; fileRef = 29C882E52A88B4D1001A075E /* NetworkManager.swift */; };
		29C882E92A88DF0E001A075E /* UIImageView.swift in Sources */ = {isa = PBXBuildFile; fileRef = 29C882E82A88DF0E001A075E /* UIImageView.swift */; };
		29ED9FEC2A9339B6001A46D2 /* Main.storyboard in Resources */ = {isa = PBXBuildFile; fileRef = 293FC8802A80B83E009299B5 /* Main.storyboard */; };
/* End PBXBuildFile section */

/* Begin PBXFileReference section */
		2920D0C92A81F70B0090D375 /* CategoriesCollectionViewCell.swift */ = {isa = PBXFileReference; lastKnownFileType = sourcecode.swift; path = CategoriesCollectionViewCell.swift; sourceTree = "<group>"; };
		2920D0CA2A81F70B0090D375 /* CategoriesCollectionViewCell.xib */ = {isa = PBXFileReference; lastKnownFileType = file.xib; path = CategoriesCollectionViewCell.xib; sourceTree = "<group>"; };
		2920D0CD2A8212BA0090D375 /* MomentsCollectionViewCell.swift */ = {isa = PBXFileReference; lastKnownFileType = sourcecode.swift; path = MomentsCollectionViewCell.swift; sourceTree = "<group>"; };
		2920D0CE2A8212BA0090D375 /* MomentsCollectionViewCell.xib */ = {isa = PBXFileReference; lastKnownFileType = file.xib; path = MomentsCollectionViewCell.xib; sourceTree = "<group>"; };
		2920D0D12A8218C80090D375 /* TrendingChannelCollectionViewCell.swift */ = {isa = PBXFileReference; lastKnownFileType = sourcecode.swift; path = TrendingChannelCollectionViewCell.swift; sourceTree = "<group>"; };
		2920D0D22A8218C80090D375 /* TrendingChannelCollectionViewCell.xib */ = {isa = PBXFileReference; lastKnownFileType = file.xib; path = TrendingChannelCollectionViewCell.xib; sourceTree = "<group>"; };
		2929C60B2A91FABB003B3A32 /* Cache.swift */ = {isa = PBXFileReference; lastKnownFileType = sourcecode.swift; path = Cache.swift; sourceTree = "<group>"; };
		292BD83B2A80CA56002498B7 /* FSPagerView.swift */ = {isa = PBXFileReference; fileEncoding = 4; lastKnownFileType = sourcecode.swift; path = FSPagerView.swift; sourceTree = "<group>"; };
		292BD83D2A80CAA7002498B7 /* FSPagerViewCell.swift */ = {isa = PBXFileReference; fileEncoding = 4; lastKnownFileType = sourcecode.swift; path = FSPagerViewCell.swift; sourceTree = "<group>"; };
		292BD83F2A80CABE002498B7 /* FSPageControl.swift */ = {isa = PBXFileReference; fileEncoding = 4; lastKnownFileType = sourcecode.swift; path = FSPageControl.swift; sourceTree = "<group>"; };
		292BD8412A80CACE002498B7 /* FSPagerCollectionView.swift */ = {isa = PBXFileReference; fileEncoding = 4; lastKnownFileType = sourcecode.swift; path = FSPagerCollectionView.swift; sourceTree = "<group>"; };
		292BD8432A80CAEE002498B7 /* FSPagerViewLayoutAttributes.swift */ = {isa = PBXFileReference; fileEncoding = 4; lastKnownFileType = sourcecode.swift; path = FSPagerViewLayoutAttributes.swift; sourceTree = "<group>"; };
		292BD8452A80CB01002498B7 /* FSPageViewLayout.swift */ = {isa = PBXFileReference; fileEncoding = 4; lastKnownFileType = sourcecode.swift; path = FSPageViewLayout.swift; sourceTree = "<group>"; };
		292BD8472A80CB09002498B7 /* FSPageViewTransformer.swift */ = {isa = PBXFileReference; fileEncoding = 4; lastKnownFileType = sourcecode.swift; path = FSPageViewTransformer.swift; sourceTree = "<group>"; };
		292BD8492A80E0B6002498B7 /* PopularTVChannelsCollectionViewCell.swift */ = {isa = PBXFileReference; lastKnownFileType = sourcecode.swift; path = PopularTVChannelsCollectionViewCell.swift; sourceTree = "<group>"; };
		292BD84A2A80E0B6002498B7 /* PopularTVChannelsCollectionViewCell.xib */ = {isa = PBXFileReference; lastKnownFileType = file.xib; path = PopularTVChannelsCollectionViewCell.xib; sourceTree = "<group>"; };
		292BD84D2A80FEBF002498B7 /* CustomHeaderView.swift */ = {isa = PBXFileReference; lastKnownFileType = sourcecode.swift; path = CustomHeaderView.swift; sourceTree = "<group>"; };
		292BD84E2A80FEBF002498B7 /* CustomHeaderView.xib */ = {isa = PBXFileReference; lastKnownFileType = file.xib; path = CustomHeaderView.xib; sourceTree = "<group>"; };
		293FC8772A80B83E009299B5 /* ToffeeHome.app */ = {isa = PBXFileReference; explicitFileType = wrapper.application; includeInIndex = 0; path = ToffeeHome.app; sourceTree = BUILT_PRODUCTS_DIR; };
		293FC87A2A80B83E009299B5 /* AppDelegate.swift */ = {isa = PBXFileReference; lastKnownFileType = sourcecode.swift; path = AppDelegate.swift; sourceTree = "<group>"; };
		293FC87C2A80B83E009299B5 /* SceneDelegate.swift */ = {isa = PBXFileReference; lastKnownFileType = sourcecode.swift; path = SceneDelegate.swift; sourceTree = "<group>"; };
		293FC87E2A80B83E009299B5 /* ToffeeHomeViewController.swift */ = {isa = PBXFileReference; lastKnownFileType = sourcecode.swift; path = ToffeeHomeViewController.swift; sourceTree = "<group>"; };
		293FC8812A80B83E009299B5 /* Base */ = {isa = PBXFileReference; lastKnownFileType = file.storyboard; name = Base; path = Base.lproj/Main.storyboard; sourceTree = "<group>"; };
		293FC8832A80B83F009299B5 /* Assets.xcassets */ = {isa = PBXFileReference; lastKnownFileType = folder.assetcatalog; path = Assets.xcassets; sourceTree = "<group>"; };
		293FC8862A80B83F009299B5 /* Base */ = {isa = PBXFileReference; lastKnownFileType = file.storyboard; name = Base; path = Base.lproj/LaunchScreen.storyboard; sourceTree = "<group>"; };
		293FC8882A80B83F009299B5 /* Info.plist */ = {isa = PBXFileReference; lastKnownFileType = text.plist.xml; path = Info.plist; sourceTree = "<group>"; };
		293FC8942A80C27E009299B5 /* PagerCollectionViewCell.swift */ = {isa = PBXFileReference; lastKnownFileType = sourcecode.swift; path = PagerCollectionViewCell.swift; sourceTree = "<group>"; };
		293FC8952A80C27E009299B5 /* PagerCollectionViewCell.xib */ = {isa = PBXFileReference; lastKnownFileType = file.xib; path = PagerCollectionViewCell.xib; sourceTree = "<group>"; };
		2955CA372A8A22650088AB26 /* Data.swift */ = {isa = PBXFileReference; lastKnownFileType = sourcecode.swift; path = Data.swift; sourceTree = "<group>"; };
		2955CA472A8A390E0088AB26 /* HTTPMethods.swift */ = {isa = PBXFileReference; lastKnownFileType = sourcecode.swift; path = HTTPMethods.swift; sourceTree = "<group>"; };
		2955CA492A8A39370088AB26 /* NetworkError.swift */ = {isa = PBXFileReference; lastKnownFileType = sourcecode.swift; path = NetworkError.swift; sourceTree = "<group>"; };
		2955CA4B2A8A39720088AB26 /* Endpoints.swift */ = {isa = PBXFileReference; lastKnownFileType = sourcecode.swift; path = Endpoints.swift; sourceTree = "<group>"; };
		2955CA4E2A8A39D70088AB26 /* Constants.swift */ = {isa = PBXFileReference; lastKnownFileType = sourcecode.swift; path = Constants.swift; sourceTree = "<group>"; };
		2955CA512A8A3CA30088AB26 /* CombineNetworkService.swift */ = {isa = PBXFileReference; lastKnownFileType = sourcecode.swift; path = CombineNetworkService.swift; sourceTree = "<group>"; };
		295F6E202A932B9F00CB56F2 /* ProfileAssets.xcassets */ = {isa = PBXFileReference; lastKnownFileType = folder.assetcatalog; path = ProfileAssets.xcassets; sourceTree = "<group>"; };
		295F6E232A932D4700CB56F2 /* Montserrat-VariableFont_wght.ttf */ = {isa = PBXFileReference; lastKnownFileType = file; path = "Montserrat-VariableFont_wght.ttf"; sourceTree = "<group>"; };
		295F6E242A932D4700CB56F2 /* Montserrat-Medium.ttf */ = {isa = PBXFileReference; lastKnownFileType = file; path = "Montserrat-Medium.ttf"; sourceTree = "<group>"; };
		295F6E252A932D4700CB56F2 /* Montserrat-Light.ttf */ = {isa = PBXFileReference; lastKnownFileType = file; path = "Montserrat-Light.ttf"; sourceTree = "<group>"; };
		295F6E262A932D4700CB56F2 /* Montserrat-Bold.ttf */ = {isa = PBXFileReference; lastKnownFileType = file; path = "Montserrat-Bold.ttf"; sourceTree = "<group>"; };
		295F6E272A932D4700CB56F2 /* Montserrat-SemiBold.ttf */ = {isa = PBXFileReference; lastKnownFileType = file; path = "Montserrat-SemiBold.ttf"; sourceTree = "<group>"; };
		295F6E282A932D4700CB56F2 /* Montserrat-ExtraBold.ttf */ = {isa = PBXFileReference; lastKnownFileType = file; path = "Montserrat-ExtraBold.ttf"; sourceTree = "<group>"; };
		295F6E292A932D4700CB56F2 /* Montserrat-Regular.ttf */ = {isa = PBXFileReference; lastKnownFileType = file; path = "Montserrat-Regular.ttf"; sourceTree = "<group>"; };
		295F6E322A932D7000CB56F2 /* AppSetting.swift */ = {isa = PBXFileReference; fileEncoding = 4; lastKnownFileType = sourcecode.swift; path = AppSetting.swift; sourceTree = "<group>"; };
		295F6E342A932E8600CB56F2 /* ContentView.swift */ = {isa = PBXFileReference; fileEncoding = 4; lastKnownFileType = sourcecode.swift; path = ContentView.swift; sourceTree = "<group>"; };
		295F6E372A932EA600CB56F2 /* UserProfileEditCard.swift */ = {isa = PBXFileReference; fileEncoding = 4; lastKnownFileType = sourcecode.swift; path = UserProfileEditCard.swift; sourceTree = "<group>"; };
		295F6E382A932EA600CB56F2 /* ImagePicker.swift */ = {isa = PBXFileReference; fileEncoding = 4; lastKnownFileType = sourcecode.swift; path = ImagePicker.swift; sourceTree = "<group>"; };
		295F6E392A932EA600CB56F2 /* ProfileEdit.swift */ = {isa = PBXFileReference; fileEncoding = 4; lastKnownFileType = sourcecode.swift; path = ProfileEdit.swift; sourceTree = "<group>"; };
		295F6E3E2A932ED200CB56F2 /* Feedback.swift */ = {isa = PBXFileReference; fileEncoding = 4; lastKnownFileType = sourcecode.swift; path = Feedback.swift; sourceTree = "<group>"; };
		295F6E412A932EEC00CB56F2 /* HelpAndSupportData.swift */ = {isa = PBXFileReference; fileEncoding = 4; lastKnownFileType = sourcecode.swift; path = HelpAndSupportData.swift; sourceTree = "<group>"; };
		295F6E422A932EEC00CB56F2 /* HelpAndSupport.swift */ = {isa = PBXFileReference; fileEncoding = 4; lastKnownFileType = sourcecode.swift; path = HelpAndSupport.swift; sourceTree = "<group>"; };
		295F6E462A932F3600CB56F2 /* LoyaltyPoint.swift */ = {isa = PBXFileReference; fileEncoding = 4; lastKnownFileType = sourcecode.swift; path = LoyaltyPoint.swift; sourceTree = "<group>"; };
		295F6E482A932F3600CB56F2 /* ReferAFriend.swift */ = {isa = PBXFileReference; fileEncoding = 4; lastKnownFileType = sourcecode.swift; path = ReferAFriend.swift; sourceTree = "<group>"; };
		295F6E4A2A932F3600CB56F2 /* SubscriptionUI.swift */ = {isa = PBXFileReference; fileEncoding = 4; lastKnownFileType = sourcecode.swift; path = SubscriptionUI.swift; sourceTree = "<group>"; };
		295F6E4B2A932F3600CB56F2 /* CardPaymentView.swift */ = {isa = PBXFileReference; fileEncoding = 4; lastKnownFileType = sourcecode.swift; path = CardPaymentView.swift; sourceTree = "<group>"; };
		295F6E4D2A932F3600CB56F2 /* CardPaymentModel.swift */ = {isa = PBXFileReference; fileEncoding = 4; lastKnownFileType = sourcecode.swift; path = CardPaymentModel.swift; sourceTree = "<group>"; };
		295F6E4E2A932F3600CB56F2 /* PackDetails.swift */ = {isa = PBXFileReference; fileEncoding = 4; lastKnownFileType = sourcecode.swift; path = PackDetails.swift; sourceTree = "<group>"; };
		295F6E4F2A932F3600CB56F2 /* PayWithView.swift */ = {isa = PBXFileReference; fileEncoding = 4; lastKnownFileType = sourcecode.swift; path = PayWithView.swift; sourceTree = "<group>"; };
		295F6E522A932F3600CB56F2 /* ParentalControlThree.swift */ = {isa = PBXFileReference; fileEncoding = 4; lastKnownFileType = sourcecode.swift; path = ParentalControlThree.swift; sourceTree = "<group>"; };
		295F6E532A932F3600CB56F2 /* ParentalUnlockTwo.swift */ = {isa = PBXFileReference; fileEncoding = 4; lastKnownFileType = sourcecode.swift; path = ParentalUnlockTwo.swift; sourceTree = "<group>"; };
		295F6E542A932F3600CB56F2 /* ParentalControl.swift */ = {isa = PBXFileReference; fileEncoding = 4; lastKnownFileType = sourcecode.swift; path = ParentalControl.swift; sourceTree = "<group>"; };
		295F6E552A932F3600CB56F2 /* ParentalControlFour.swift */ = {isa = PBXFileReference; fileEncoding = 4; lastKnownFileType = sourcecode.swift; path = ParentalControlFour.swift; sourceTree = "<group>"; };
		295F6E562A932F3600CB56F2 /* CustomAlert.swift */ = {isa = PBXFileReference; fileEncoding = 4; lastKnownFileType = sourcecode.swift; path = CustomAlert.swift; sourceTree = "<group>"; };
		295F6E572A932F3600CB56F2 /* ParentalControlTwo.swift */ = {isa = PBXFileReference; fileEncoding = 4; lastKnownFileType = sourcecode.swift; path = ParentalControlTwo.swift; sourceTree = "<group>"; };
		295F6E592A932F3600CB56F2 /* FrequentlyAskQuestions.swift */ = {isa = PBXFileReference; fileEncoding = 4; lastKnownFileType = sourcecode.swift; path = FrequentlyAskQuestions.swift; sourceTree = "<group>"; };
		295F6E5A2A932F3600CB56F2 /* Terms&Condition.swift */ = {isa = PBXFileReference; fileEncoding = 4; lastKnownFileType = sourcecode.swift; path = "Terms&Condition.swift"; sourceTree = "<group>"; };
		295F6E5B2A932F3600CB56F2 /* PrivacyNotice.swift */ = {isa = PBXFileReference; fileEncoding = 4; lastKnownFileType = sourcecode.swift; path = PrivacyNotice.swift; sourceTree = "<group>"; };
		295F6E5C2A932F3600CB56F2 /* Test.swift */ = {isa = PBXFileReference; fileEncoding = 4; lastKnownFileType = sourcecode.swift; path = Test.swift; sourceTree = "<group>"; };
		295F6E5E2A932F3600CB56F2 /* MyWatchList.swift */ = {isa = PBXFileReference; fileEncoding = 4; lastKnownFileType = sourcecode.swift; path = MyWatchList.swift; sourceTree = "<group>"; };
		295F6E5F2A932F3600CB56F2 /* MyWatchListModel.swift */ = {isa = PBXFileReference; fileEncoding = 4; lastKnownFileType = sourcecode.swift; path = MyWatchListModel.swift; sourceTree = "<group>"; };
		295F6E612A932F3600CB56F2 /* RedeemReferalCode.swift */ = {isa = PBXFileReference; fileEncoding = 4; lastKnownFileType = sourcecode.swift; path = RedeemReferalCode.swift; sourceTree = "<group>"; };
		295F6E622A932F3600CB56F2 /* Test2.swift */ = {isa = PBXFileReference; fileEncoding = 4; lastKnownFileType = sourcecode.swift; path = Test2.swift; sourceTree = "<group>"; };
		295F6E642A932F3600CB56F2 /* UsagesHistory.swift */ = {isa = PBXFileReference; fileEncoding = 4; lastKnownFileType = sourcecode.swift; path = UsagesHistory.swift; sourceTree = "<group>"; };
		295F6E652A932F3600CB56F2 /* UserDataCharts.swift */ = {isa = PBXFileReference; fileEncoding = 4; lastKnownFileType = sourcecode.swift; path = UserDataCharts.swift; sourceTree = "<group>"; };
		295FC83B2A8DD72400D9435E /* ToffeeLoaderView.swift */ = {isa = PBXFileReference; lastKnownFileType = sourcecode.swift; path = ToffeeLoaderView.swift; sourceTree = "<group>"; };
		295FC83E2A8E150F00D9435E /* NetworkMonitor.swift */ = {isa = PBXFileReference; lastKnownFileType = sourcecode.swift; path = NetworkMonitor.swift; sourceTree = "<group>"; };
		297E9DA22A8227BF00D2491F /* UIButton + Additions.swift */ = {isa = PBXFileReference; lastKnownFileType = sourcecode.swift; path = "UIButton + Additions.swift"; sourceTree = "<group>"; };
		297E9DA42A822ABA00D2491F /* FeedCollectionViewCell.swift */ = {isa = PBXFileReference; lastKnownFileType = sourcecode.swift; path = FeedCollectionViewCell.swift; sourceTree = "<group>"; };
		297E9DA52A822ABA00D2491F /* FeedCollectionViewCell.xib */ = {isa = PBXFileReference; lastKnownFileType = file.xib; path = FeedCollectionViewCell.xib; sourceTree = "<group>"; };
		297E9DA82A82451000D2491F /* UIView + Additions.swift */ = {isa = PBXFileReference; lastKnownFileType = sourcecode.swift; path = "UIView + Additions.swift"; sourceTree = "<group>"; };
		297E9DAB2A82498600D2491F /* AppLayouts.swift */ = {isa = PBXFileReference; lastKnownFileType = sourcecode.swift; path = AppLayouts.swift; sourceTree = "<group>"; };
		297E9DAD2A824E3A00D2491F /* SupplementraryHeaderRegistrationKind.swift */ = {isa = PBXFileReference; lastKnownFileType = sourcecode.swift; path = SupplementraryHeaderRegistrationKind.swift; sourceTree = "<group>"; };
		297E9DB42A82509700D2491F /* Home.swift */ = {isa = PBXFileReference; lastKnownFileType = sourcecode.swift; path = Home.swift; sourceTree = "<group>"; };
		297E9DB72A82649100D2491F /* ToffeeHomeViewModel.swift */ = {isa = PBXFileReference; lastKnownFileType = sourcecode.swift; path = ToffeeHomeViewModel.swift; sourceTree = "<group>"; };
		29C882E22A88B350001A075E /* Episodes.swift */ = {isa = PBXFileReference; lastKnownFileType = sourcecode.swift; path = Episodes.swift; sourceTree = "<group>"; };
		29C882E52A88B4D1001A075E /* NetworkManager.swift */ = {isa = PBXFileReference; lastKnownFileType = sourcecode.swift; path = NetworkManager.swift; sourceTree = "<group>"; };
		29C882E82A88DF0E001A075E /* UIImageView.swift */ = {isa = PBXFileReference; lastKnownFileType = sourcecode.swift; path = UIImageView.swift; sourceTree = "<group>"; };
/* End PBXFileReference section */

/* Begin PBXFrameworksBuildPhase section */
		293FC8742A80B83E009299B5 /* Frameworks */ = {
			isa = PBXFrameworksBuildPhase;
			buildActionMask = 2147483647;
			files = (
			);
			runOnlyForDeploymentPostprocessing = 0;
		};
/* End PBXFrameworksBuildPhase section */

/* Begin PBXGroup section */
		292BD8392A80C9AD002498B7 /* Helpers */ = {
			isa = PBXGroup;
			children = (
				295FC83D2A8E14F000D9435E /* NetworkMonitor */,
				295FC83A2A8DD70D00D9435E /* ToffeeLoaderView */,
				292BD83A2A80C9D7002498B7 /* FSPagerView */,
			);
			path = Helpers;
			sourceTree = "<group>";
		};
		292BD83A2A80C9D7002498B7 /* FSPagerView */ = {
			isa = PBXGroup;
			children = (
				292BD83B2A80CA56002498B7 /* FSPagerView.swift */,
				292BD83D2A80CAA7002498B7 /* FSPagerViewCell.swift */,
				292BD83F2A80CABE002498B7 /* FSPageControl.swift */,
				292BD8412A80CACE002498B7 /* FSPagerCollectionView.swift */,
				292BD8432A80CAEE002498B7 /* FSPagerViewLayoutAttributes.swift */,
				292BD8452A80CB01002498B7 /* FSPageViewLayout.swift */,
				292BD8472A80CB09002498B7 /* FSPageViewTransformer.swift */,
			);
			name = FSPagerView;
			sourceTree = "<group>";
		};
		293FC86E2A80B83E009299B5 = {
			isa = PBXGroup;
			children = (
				293FC8792A80B83E009299B5 /* ToffeeHome */,
				293FC8782A80B83E009299B5 /* Products */,
			);
			sourceTree = "<group>";
		};
		293FC8782A80B83E009299B5 /* Products */ = {
			isa = PBXGroup;
			children = (
				293FC8772A80B83E009299B5 /* ToffeeHome.app */,
			);
			name = Products;
			sourceTree = "<group>";
		};
		293FC8792A80B83E009299B5 /* ToffeeHome */ = {
			isa = PBXGroup;
			children = (
				295F6E1F2A932B3100CB56F2 /* Profile */,
				293FC88E2A80B862009299B5 /* App */,
				297E9DAA2A82496500D2491F /* Model */,
				297E9DB62A82647600D2491F /* ViewModel */,
				293FC8932A80C162009299B5 /* Views */,
				293FC8912A80BA23009299B5 /* ViewController */,
				292BD8392A80C9AD002498B7 /* Helpers */,
				297E9DA12A82279100D2491F /* Extensions */,
				293FC88F2A80B871009299B5 /* Storybaord */,
				293FC8902A80B892009299B5 /* SupportsFiles */,
				2955CA4D2A8A39B00088AB26 /* Constants */,
				29C882E72A88B538001A075E /* NetworkManager */,
				2955CA502A8A3C790088AB26 /* CombineService */,
			);
			path = ToffeeHome;
			sourceTree = "<group>";
		};
		293FC88E2A80B862009299B5 /* App */ = {
			isa = PBXGroup;
			children = (
				293FC87A2A80B83E009299B5 /* AppDelegate.swift */,
				293FC87C2A80B83E009299B5 /* SceneDelegate.swift */,
			);
			path = App;
			sourceTree = "<group>";
		};
		293FC88F2A80B871009299B5 /* Storybaord */ = {
			isa = PBXGroup;
			children = (
				293FC8852A80B83F009299B5 /* LaunchScreen.storyboard */,
				293FC8802A80B83E009299B5 /* Main.storyboard */,
			);
			path = Storybaord;
			sourceTree = "<group>";
		};
		293FC8902A80B892009299B5 /* SupportsFiles */ = {
			isa = PBXGroup;
			children = (
				293FC8832A80B83F009299B5 /* Assets.xcassets */,
				295F6E202A932B9F00CB56F2 /* ProfileAssets.xcassets */,
				293FC8882A80B83F009299B5 /* Info.plist */,
			);
			path = SupportsFiles;
			sourceTree = "<group>";
		};
		293FC8912A80BA23009299B5 /* ViewController */ = {
			isa = PBXGroup;
			children = (
				293FC87E2A80B83E009299B5 /* ToffeeHomeViewController.swift */,
			);
			path = ViewController;
			sourceTree = "<group>";
		};
		293FC8932A80C162009299B5 /* Views */ = {
			isa = PBXGroup;
			children = (
				297E9DB02A824F7900D2491F /* CollectionViewCell */,
				297E9DAF2A824F5600D2491F /* Header */,
			);
			path = Views;
			sourceTree = "<group>";
		};
		2955CA4D2A8A39B00088AB26 /* Constants */ = {
			isa = PBXGroup;
			children = (
				2955CA4E2A8A39D70088AB26 /* Constants.swift */,
			);
			name = Constants;
			path = Helpers;
			sourceTree = "<group>";
		};
		2955CA502A8A3C790088AB26 /* CombineService */ = {
			isa = PBXGroup;
			children = (
				2955CA512A8A3CA30088AB26 /* CombineNetworkService.swift */,
			);
			path = CombineService;
			sourceTree = "<group>";
		};
		295F6E1F2A932B3100CB56F2 /* Profile */ = {
			isa = PBXGroup;
			children = (
				295F6E342A932E8600CB56F2 /* ContentView.swift */,
				295F6E362A932EA600CB56F2 /* EditProfile */,
				295F6E312A932D7000CB56F2 /* AppSetting */,
				295F6E3D2A932ED200CB56F2 /* Feedback */,
				295F6E402A932EEC00CB56F2 /* HelpAndSupport */,
				295F6E582A932F3600CB56F2 /* Information */,
				295F6E452A932F3600CB56F2 /* LoyaltyPoint */,
				295F6E512A932F3600CB56F2 /* ParentalControl */,
				295F6E602A932F3600CB56F2 /* RedeemReferralCode */,
				295F6E472A932F3600CB56F2 /* ReferAFriend */,
				295F6E492A932F3600CB56F2 /* Subscription */,
				295F6E5C2A932F3600CB56F2 /* Test.swift */,
				295F6E622A932F3600CB56F2 /* Test2.swift */,
				295F6E632A932F3600CB56F2 /* UsagesHistory */,
				295F6E5D2A932F3600CB56F2 /* WatchList */,
				295F6E222A932D4700CB56F2 /* Fonts */,
			);
			path = Profile;
			sourceTree = "<group>";
		};
		295F6E222A932D4700CB56F2 /* Fonts */ = {
			isa = PBXGroup;
			children = (
				295F6E232A932D4700CB56F2 /* Montserrat-VariableFont_wght.ttf */,
				295F6E242A932D4700CB56F2 /* Montserrat-Medium.ttf */,
				295F6E252A932D4700CB56F2 /* Montserrat-Light.ttf */,
				295F6E262A932D4700CB56F2 /* Montserrat-Bold.ttf */,
				295F6E272A932D4700CB56F2 /* Montserrat-SemiBold.ttf */,
				295F6E282A932D4700CB56F2 /* Montserrat-ExtraBold.ttf */,
				295F6E292A932D4700CB56F2 /* Montserrat-Regular.ttf */,
			);
			path = Fonts;
			sourceTree = "<group>";
		};
		295F6E312A932D7000CB56F2 /* AppSetting */ = {
			isa = PBXGroup;
			children = (
				295F6E322A932D7000CB56F2 /* AppSetting.swift */,
			);
			path = AppSetting;
			sourceTree = "<group>";
		};
		295F6E362A932EA600CB56F2 /* EditProfile */ = {
			isa = PBXGroup;
			children = (
				295F6E372A932EA600CB56F2 /* UserProfileEditCard.swift */,
				295F6E382A932EA600CB56F2 /* ImagePicker.swift */,
				295F6E392A932EA600CB56F2 /* ProfileEdit.swift */,
			);
			path = EditProfile;
			sourceTree = "<group>";
		};
		295F6E3D2A932ED200CB56F2 /* Feedback */ = {
			isa = PBXGroup;
			children = (
				295F6E3E2A932ED200CB56F2 /* Feedback.swift */,
			);
			path = Feedback;
			sourceTree = "<group>";
		};
		295F6E402A932EEC00CB56F2 /* HelpAndSupport */ = {
			isa = PBXGroup;
			children = (
				295F6E412A932EEC00CB56F2 /* HelpAndSupportData.swift */,
				295F6E422A932EEC00CB56F2 /* HelpAndSupport.swift */,
			);
			path = HelpAndSupport;
			sourceTree = "<group>";
		};
		295F6E452A932F3600CB56F2 /* LoyaltyPoint */ = {
			isa = PBXGroup;
			children = (
				295F6E462A932F3600CB56F2 /* LoyaltyPoint.swift */,
			);
			path = LoyaltyPoint;
			sourceTree = "<group>";
		};
		295F6E472A932F3600CB56F2 /* ReferAFriend */ = {
			isa = PBXGroup;
			children = (
				295F6E482A932F3600CB56F2 /* ReferAFriend.swift */,
			);
			path = ReferAFriend;
			sourceTree = "<group>";
		};
		295F6E492A932F3600CB56F2 /* Subscription */ = {
			isa = PBXGroup;
			children = (
				295F6E4A2A932F3600CB56F2 /* SubscriptionUI.swift */,
				295F6E4B2A932F3600CB56F2 /* CardPaymentView.swift */,
				295F6E4C2A932F3600CB56F2 /* Models */,
				295F6E4F2A932F3600CB56F2 /* PayWithView.swift */,
			);
			path = Subscription;
			sourceTree = "<group>";
		};
		295F6E4C2A932F3600CB56F2 /* Models */ = {
			isa = PBXGroup;
			children = (
				295F6E4D2A932F3600CB56F2 /* CardPaymentModel.swift */,
				295F6E4E2A932F3600CB56F2 /* PackDetails.swift */,
			);
			path = Models;
			sourceTree = "<group>";
		};
		295F6E512A932F3600CB56F2 /* ParentalControl */ = {
			isa = PBXGroup;
			children = (
				295F6E522A932F3600CB56F2 /* ParentalControlThree.swift */,
				295F6E532A932F3600CB56F2 /* ParentalUnlockTwo.swift */,
				295F6E542A932F3600CB56F2 /* ParentalControl.swift */,
				295F6E552A932F3600CB56F2 /* ParentalControlFour.swift */,
				295F6E562A932F3600CB56F2 /* CustomAlert.swift */,
				295F6E572A932F3600CB56F2 /* ParentalControlTwo.swift */,
			);
			path = ParentalControl;
			sourceTree = "<group>";
		};
		295F6E582A932F3600CB56F2 /* Information */ = {
			isa = PBXGroup;
			children = (
				295F6E592A932F3600CB56F2 /* FrequentlyAskQuestions.swift */,
				295F6E5A2A932F3600CB56F2 /* Terms&Condition.swift */,
				295F6E5B2A932F3600CB56F2 /* PrivacyNotice.swift */,
			);
			path = Information;
			sourceTree = "<group>";
		};
		295F6E5D2A932F3600CB56F2 /* WatchList */ = {
			isa = PBXGroup;
			children = (
				295F6E5E2A932F3600CB56F2 /* MyWatchList.swift */,
				295F6E5F2A932F3600CB56F2 /* MyWatchListModel.swift */,
			);
			path = WatchList;
			sourceTree = "<group>";
		};
		295F6E602A932F3600CB56F2 /* RedeemReferralCode */ = {
			isa = PBXGroup;
			children = (
				295F6E612A932F3600CB56F2 /* RedeemReferalCode.swift */,
			);
			path = RedeemReferralCode;
			sourceTree = "<group>";
		};
		295F6E632A932F3600CB56F2 /* UsagesHistory */ = {
			isa = PBXGroup;
			children = (
				295F6E642A932F3600CB56F2 /* UsagesHistory.swift */,
				295F6E652A932F3600CB56F2 /* UserDataCharts.swift */,
			);
			path = UsagesHistory;
			sourceTree = "<group>";
		};
		295FC83A2A8DD70D00D9435E /* ToffeeLoaderView */ = {
			isa = PBXGroup;
			children = (
				295FC83B2A8DD72400D9435E /* ToffeeLoaderView.swift */,
			);
			name = ToffeeLoaderView;
			sourceTree = "<group>";
		};
		295FC83D2A8E14F000D9435E /* NetworkMonitor */ = {
			isa = PBXGroup;
			children = (
				295FC83E2A8E150F00D9435E /* NetworkMonitor.swift */,
			);
			name = NetworkMonitor;
			sourceTree = "<group>";
		};
		297E9DA12A82279100D2491F /* Extensions */ = {
			isa = PBXGroup;
			children = (
				297E9DA22A8227BF00D2491F /* UIButton + Additions.swift */,
				297E9DA82A82451000D2491F /* UIView + Additions.swift */,
				29C882E82A88DF0E001A075E /* UIImageView.swift */,
				2955CA372A8A22650088AB26 /* Data.swift */,
			);
			path = Extensions;
			sourceTree = "<group>";
		};
		297E9DAA2A82496500D2491F /* Model */ = {
			isa = PBXGroup;
			children = (
				297E9DAB2A82498600D2491F /* AppLayouts.swift */,
				297E9DAD2A824E3A00D2491F /* SupplementraryHeaderRegistrationKind.swift */,
				297E9DB42A82509700D2491F /* Home.swift */,
				29C882E22A88B350001A075E /* Episodes.swift */,
				2955CA472A8A390E0088AB26 /* HTTPMethods.swift */,
				2955CA492A8A39370088AB26 /* NetworkError.swift */,
				2955CA4B2A8A39720088AB26 /* Endpoints.swift */,
			);
			path = Model;
			sourceTree = "<group>";
		};
		297E9DAF2A824F5600D2491F /* Header */ = {
			isa = PBXGroup;
			children = (
				292BD84D2A80FEBF002498B7 /* CustomHeaderView.swift */,
				292BD84E2A80FEBF002498B7 /* CustomHeaderView.xib */,
			);
			path = Header;
			sourceTree = "<group>";
		};
		297E9DB02A824F7900D2491F /* CollectionViewCell */ = {
			isa = PBXGroup;
			children = (
				293FC8942A80C27E009299B5 /* PagerCollectionViewCell.swift */,
				293FC8952A80C27E009299B5 /* PagerCollectionViewCell.xib */,
				292BD8492A80E0B6002498B7 /* PopularTVChannelsCollectionViewCell.swift */,
				292BD84A2A80E0B6002498B7 /* PopularTVChannelsCollectionViewCell.xib */,
				2920D0C92A81F70B0090D375 /* CategoriesCollectionViewCell.swift */,
				2920D0CA2A81F70B0090D375 /* CategoriesCollectionViewCell.xib */,
				2920D0CD2A8212BA0090D375 /* MomentsCollectionViewCell.swift */,
				2920D0CE2A8212BA0090D375 /* MomentsCollectionViewCell.xib */,
				2920D0D12A8218C80090D375 /* TrendingChannelCollectionViewCell.swift */,
				2920D0D22A8218C80090D375 /* TrendingChannelCollectionViewCell.xib */,
				297E9DA42A822ABA00D2491F /* FeedCollectionViewCell.swift */,
				297E9DA52A822ABA00D2491F /* FeedCollectionViewCell.xib */,
			);
			path = CollectionViewCell;
			sourceTree = "<group>";
		};
		297E9DB62A82647600D2491F /* ViewModel */ = {
			isa = PBXGroup;
			children = (
				297E9DB72A82649100D2491F /* ToffeeHomeViewModel.swift */,
			);
			path = ViewModel;
			sourceTree = "<group>";
		};
		29C882E72A88B538001A075E /* NetworkManager */ = {
			isa = PBXGroup;
			children = (
				29C882E52A88B4D1001A075E /* NetworkManager.swift */,
				2929C60B2A91FABB003B3A32 /* Cache.swift */,
			);
			path = NetworkManager;
			sourceTree = "<group>";
		};
/* End PBXGroup section */

/* Begin PBXNativeTarget section */
		293FC8762A80B83E009299B5 /* ToffeeHome */ = {
			isa = PBXNativeTarget;
			buildConfigurationList = 293FC88B2A80B83F009299B5 /* Build configuration list for PBXNativeTarget "ToffeeHome" */;
			buildPhases = (
				293FC8732A80B83E009299B5 /* Sources */,
				293FC8742A80B83E009299B5 /* Frameworks */,
				293FC8752A80B83E009299B5 /* Resources */,
			);
			buildRules = (
			);
			dependencies = (
			);
			name = ToffeeHome;
			productName = ToffeeHome;
			productReference = 293FC8772A80B83E009299B5 /* ToffeeHome.app */;
			productType = "com.apple.product-type.application";
		};
/* End PBXNativeTarget section */

/* Begin PBXProject section */
		293FC86F2A80B83E009299B5 /* Project object */ = {
			isa = PBXProject;
			attributes = {
				BuildIndependentTargetsInParallel = 1;
				LastSwiftUpdateCheck = 1430;
				LastUpgradeCheck = 1430;
				TargetAttributes = {
					293FC8762A80B83E009299B5 = {
						CreatedOnToolsVersion = 14.3.1;
						LastSwiftMigration = 1430;
					};
				};
			};
			buildConfigurationList = 293FC8722A80B83E009299B5 /* Build configuration list for PBXProject "ToffeeHome" */;
			compatibilityVersion = "Xcode 14.0";
			developmentRegion = en;
			hasScannedForEncodings = 0;
			knownRegions = (
				en,
				Base,
			);
			mainGroup = 293FC86E2A80B83E009299B5;
			productRefGroup = 293FC8782A80B83E009299B5 /* Products */;
			projectDirPath = "";
			projectRoot = "";
			targets = (
				293FC8762A80B83E009299B5 /* ToffeeHome */,
			);
		};
/* End PBXProject section */

/* Begin PBXResourcesBuildPhase section */
		293FC8752A80B83E009299B5 /* Resources */ = {
			isa = PBXResourcesBuildPhase;
			buildActionMask = 2147483647;
			files = (
				29ED9FEC2A9339B6001A46D2 /* Main.storyboard in Resources */,
				295F6E302A932D4700CB56F2 /* Montserrat-Regular.ttf in Resources */,
				295F6E2F2A932D4700CB56F2 /* Montserrat-ExtraBold.ttf in Resources */,
				295F6E2C2A932D4700CB56F2 /* Montserrat-Light.ttf in Resources */,
				2920D0D02A8212BA0090D375 /* MomentsCollectionViewCell.xib in Resources */,
				2920D0D42A8218C80090D375 /* TrendingChannelCollectionViewCell.xib in Resources */,
				293FC8872A80B83F009299B5 /* LaunchScreen.storyboard in Resources */,
				293FC8842A80B83F009299B5 /* Assets.xcassets in Resources */,
				295F6E2D2A932D4700CB56F2 /* Montserrat-Bold.ttf in Resources */,
				295F6E2A2A932D4700CB56F2 /* Montserrat-VariableFont_wght.ttf in Resources */,
				293FC8972A80C27E009299B5 /* PagerCollectionViewCell.xib in Resources */,
				292BD84C2A80E0B6002498B7 /* PopularTVChannelsCollectionViewCell.xib in Resources */,
				2920D0CC2A81F70B0090D375 /* CategoriesCollectionViewCell.xib in Resources */,
				295F6E212A932B9F00CB56F2 /* ProfileAssets.xcassets in Resources */,
				292BD8502A80FEBF002498B7 /* CustomHeaderView.xib in Resources */,
				295F6E2B2A932D4700CB56F2 /* Montserrat-Medium.ttf in Resources */,
				297E9DA72A822ABA00D2491F /* FeedCollectionViewCell.xib in Resources */,
				295F6E2E2A932D4700CB56F2 /* Montserrat-SemiBold.ttf in Resources */,
			);
			runOnlyForDeploymentPostprocessing = 0;
		};
/* End PBXResourcesBuildPhase section */

/* Begin PBXSourcesBuildPhase section */
		293FC8732A80B83E009299B5 /* Sources */ = {
			isa = PBXSourcesBuildPhase;
			buildActionMask = 2147483647;
			files = (
				295F6E7A2A932F3600CB56F2 /* RedeemReferalCode.swift in Sources */,
				295F6E3B2A932EA600CB56F2 /* ImagePicker.swift in Sources */,
				292BD8402A80CABF002498B7 /* FSPageControl.swift in Sources */,
				2955CA4A2A8A39370088AB26 /* NetworkError.swift in Sources */,
				293FC87F2A80B83E009299B5 /* ToffeeHomeViewController.swift in Sources */,
				292BD8462A80CB01002498B7 /* FSPageViewLayout.swift in Sources */,
				2955CA4C2A8A39720088AB26 /* Endpoints.swift in Sources */,
				297E9DAE2A824E3A00D2491F /* SupplementraryHeaderRegistrationKind.swift in Sources */,
				292BD83C2A80CA56002498B7 /* FSPagerView.swift in Sources */,
				295F6E682A932F3600CB56F2 /* SubscriptionUI.swift in Sources */,
				293FC87B2A80B83E009299B5 /* AppDelegate.swift in Sources */,
				295F6E6B2A932F3600CB56F2 /* PackDetails.swift in Sources */,
				292BD8482A80CB09002498B7 /* FSPageViewTransformer.swift in Sources */,
				295F6E672A932F3600CB56F2 /* ReferAFriend.swift in Sources */,
				2955CA4F2A8A39D70088AB26 /* Constants.swift in Sources */,
				293FC8962A80C27E009299B5 /* PagerCollectionViewCell.swift in Sources */,
				295F6E732A932F3600CB56F2 /* ParentalControlTwo.swift in Sources */,
				295F6E352A932E8600CB56F2 /* ContentView.swift in Sources */,
				297E9DB82A82649100D2491F /* ToffeeHomeViewModel.swift in Sources */,
				292BD8422A80CACE002498B7 /* FSPagerCollectionView.swift in Sources */,
				2920D0CB2A81F70B0090D375 /* CategoriesCollectionViewCell.swift in Sources */,
				295F6E702A932F3600CB56F2 /* ParentalControl.swift in Sources */,
				295F6E332A932D7000CB56F2 /* AppSetting.swift in Sources */,
				295F6E3A2A932EA600CB56F2 /* UserProfileEditCard.swift in Sources */,
				2955CA522A8A3CA30088AB26 /* CombineNetworkService.swift in Sources */,
				295F6E3C2A932EA600CB56F2 /* ProfileEdit.swift in Sources */,
				297E9DAC2A82498600D2491F /* AppLayouts.swift in Sources */,
				295F6E7C2A932F3600CB56F2 /* UsagesHistory.swift in Sources */,
				295F6E772A932F3600CB56F2 /* Test.swift in Sources */,
				292BD84F2A80FEBF002498B7 /* CustomHeaderView.swift in Sources */,
				295F6E6C2A932F3600CB56F2 /* PayWithView.swift in Sources */,
				295F6E692A932F3600CB56F2 /* CardPaymentView.swift in Sources */,
				297E9DB52A82509700D2491F /* Home.swift in Sources */,
				2920D0CF2A8212BA0090D375 /* MomentsCollectionViewCell.swift in Sources */,
				295F6E752A932F3600CB56F2 /* Terms&Condition.swift in Sources */,
				295F6E432A932EEC00CB56F2 /* HelpAndSupportData.swift in Sources */,
				295F6E662A932F3600CB56F2 /* LoyaltyPoint.swift in Sources */,
				292BD84B2A80E0B6002498B7 /* PopularTVChannelsCollectionViewCell.swift in Sources */,
				295F6E782A932F3600CB56F2 /* MyWatchList.swift in Sources */,
				295F6E712A932F3600CB56F2 /* ParentalControlFour.swift in Sources */,
				295F6E792A932F3600CB56F2 /* MyWatchListModel.swift in Sources */,
				29C882E92A88DF0E001A075E /* UIImageView.swift in Sources */,
				293FC87D2A80B83E009299B5 /* SceneDelegate.swift in Sources */,
				295F6E7B2A932F3600CB56F2 /* Test2.swift in Sources */,
				295F6E3F2A932ED200CB56F2 /* Feedback.swift in Sources */,
				297E9DA32A8227BF00D2491F /* UIButton + Additions.swift in Sources */,
				297E9DA92A82451000D2491F /* UIView + Additions.swift in Sources */,
				295F6E7D2A932F3600CB56F2 /* UserDataCharts.swift in Sources */,
				2955CA482A8A390E0088AB26 /* HTTPMethods.swift in Sources */,
				295FC83F2A8E150F00D9435E /* NetworkMonitor.swift in Sources */,
				295F6E6F2A932F3600CB56F2 /* ParentalUnlockTwo.swift in Sources */,
				295F6E742A932F3600CB56F2 /* FrequentlyAskQuestions.swift in Sources */,
				297E9DA62A822ABA00D2491F /* FeedCollectionViewCell.swift in Sources */,
				2920D0D32A8218C80090D375 /* TrendingChannelCollectionViewCell.swift in Sources */,
				29C882E32A88B350001A075E /* Episodes.swift in Sources */,
				295F6E442A932EEC00CB56F2 /* HelpAndSupport.swift in Sources */,
				295F6E762A932F3600CB56F2 /* PrivacyNotice.swift in Sources */,
				29C882E62A88B4D1001A075E /* NetworkManager.swift in Sources */,
				295F6E6A2A932F3600CB56F2 /* CardPaymentModel.swift in Sources */,
				2929C60C2A91FABB003B3A32 /* Cache.swift in Sources */,
				295FC83C2A8DD72400D9435E /* ToffeeLoaderView.swift in Sources */,
				292BD8442A80CAEE002498B7 /* FSPagerViewLayoutAttributes.swift in Sources */,
				295F6E6E2A932F3600CB56F2 /* ParentalControlThree.swift in Sources */,
				2955CA382A8A22650088AB26 /* Data.swift in Sources */,
				292BD83E2A80CAA7002498B7 /* FSPagerViewCell.swift in Sources */,
				295F6E722A932F3600CB56F2 /* CustomAlert.swift in Sources */,
			);
			runOnlyForDeploymentPostprocessing = 0;
		};
/* End PBXSourcesBuildPhase section */

/* Begin PBXVariantGroup section */
		293FC8802A80B83E009299B5 /* Main.storyboard */ = {
			isa = PBXVariantGroup;
			children = (
				293FC8812A80B83E009299B5 /* Base */,
			);
			name = Main.storyboard;
			sourceTree = "<group>";
		};
		293FC8852A80B83F009299B5 /* LaunchScreen.storyboard */ = {
			isa = PBXVariantGroup;
			children = (
				293FC8862A80B83F009299B5 /* Base */,
			);
			name = LaunchScreen.storyboard;
			sourceTree = "<group>";
		};
/* End PBXVariantGroup section */

/* Begin XCBuildConfiguration section */
		293FC8892A80B83F009299B5 /* Debug */ = {
			isa = XCBuildConfiguration;
			buildSettings = {
				ALWAYS_SEARCH_USER_PATHS = NO;
				CLANG_ANALYZER_NONNULL = YES;
				CLANG_ANALYZER_NUMBER_OBJECT_CONVERSION = YES_AGGRESSIVE;
				CLANG_CXX_LANGUAGE_STANDARD = "gnu++20";
				CLANG_ENABLE_MODULES = YES;
				CLANG_ENABLE_OBJC_ARC = YES;
				CLANG_ENABLE_OBJC_WEAK = YES;
				CLANG_WARN_BLOCK_CAPTURE_AUTORELEASING = YES;
				CLANG_WARN_BOOL_CONVERSION = YES;
				CLANG_WARN_COMMA = YES;
				CLANG_WARN_CONSTANT_CONVERSION = YES;
				CLANG_WARN_DEPRECATED_OBJC_IMPLEMENTATIONS = YES;
				CLANG_WARN_DIRECT_OBJC_ISA_USAGE = YES_ERROR;
				CLANG_WARN_DOCUMENTATION_COMMENTS = YES;
				CLANG_WARN_EMPTY_BODY = YES;
				CLANG_WARN_ENUM_CONVERSION = YES;
				CLANG_WARN_INFINITE_RECURSION = YES;
				CLANG_WARN_INT_CONVERSION = YES;
				CLANG_WARN_NON_LITERAL_NULL_CONVERSION = YES;
				CLANG_WARN_OBJC_IMPLICIT_RETAIN_SELF = YES;
				CLANG_WARN_OBJC_LITERAL_CONVERSION = YES;
				CLANG_WARN_OBJC_ROOT_CLASS = YES_ERROR;
				CLANG_WARN_QUOTED_INCLUDE_IN_FRAMEWORK_HEADER = YES;
				CLANG_WARN_RANGE_LOOP_ANALYSIS = YES;
				CLANG_WARN_STRICT_PROTOTYPES = YES;
				CLANG_WARN_SUSPICIOUS_MOVE = YES;
				CLANG_WARN_UNGUARDED_AVAILABILITY = YES_AGGRESSIVE;
				CLANG_WARN_UNREACHABLE_CODE = YES;
				CLANG_WARN__DUPLICATE_METHOD_MATCH = YES;
				COPY_PHASE_STRIP = NO;
				DEBUG_INFORMATION_FORMAT = dwarf;
				ENABLE_STRICT_OBJC_MSGSEND = YES;
				ENABLE_TESTABILITY = YES;
				GCC_C_LANGUAGE_STANDARD = gnu11;
				GCC_DYNAMIC_NO_PIC = NO;
				GCC_NO_COMMON_BLOCKS = YES;
				GCC_OPTIMIZATION_LEVEL = 0;
				GCC_PREPROCESSOR_DEFINITIONS = (
					"DEBUG=1",
					"$(inherited)",
				);
				GCC_WARN_64_TO_32_BIT_CONVERSION = YES;
				GCC_WARN_ABOUT_RETURN_TYPE = YES_ERROR;
				GCC_WARN_UNDECLARED_SELECTOR = YES;
				GCC_WARN_UNINITIALIZED_AUTOS = YES_AGGRESSIVE;
				GCC_WARN_UNUSED_FUNCTION = YES;
				GCC_WARN_UNUSED_VARIABLE = YES;
				IPHONEOS_DEPLOYMENT_TARGET = 16.4;
				MTL_ENABLE_DEBUG_INFO = INCLUDE_SOURCE;
				MTL_FAST_MATH = YES;
				ONLY_ACTIVE_ARCH = YES;
				SDKROOT = iphoneos;
				SWIFT_ACTIVE_COMPILATION_CONDITIONS = DEBUG;
				SWIFT_OPTIMIZATION_LEVEL = "-Onone";
			};
			name = Debug;
		};
		293FC88A2A80B83F009299B5 /* Release */ = {
			isa = XCBuildConfiguration;
			buildSettings = {
				ALWAYS_SEARCH_USER_PATHS = NO;
				CLANG_ANALYZER_NONNULL = YES;
				CLANG_ANALYZER_NUMBER_OBJECT_CONVERSION = YES_AGGRESSIVE;
				CLANG_CXX_LANGUAGE_STANDARD = "gnu++20";
				CLANG_ENABLE_MODULES = YES;
				CLANG_ENABLE_OBJC_ARC = YES;
				CLANG_ENABLE_OBJC_WEAK = YES;
				CLANG_WARN_BLOCK_CAPTURE_AUTORELEASING = YES;
				CLANG_WARN_BOOL_CONVERSION = YES;
				CLANG_WARN_COMMA = YES;
				CLANG_WARN_CONSTANT_CONVERSION = YES;
				CLANG_WARN_DEPRECATED_OBJC_IMPLEMENTATIONS = YES;
				CLANG_WARN_DIRECT_OBJC_ISA_USAGE = YES_ERROR;
				CLANG_WARN_DOCUMENTATION_COMMENTS = YES;
				CLANG_WARN_EMPTY_BODY = YES;
				CLANG_WARN_ENUM_CONVERSION = YES;
				CLANG_WARN_INFINITE_RECURSION = YES;
				CLANG_WARN_INT_CONVERSION = YES;
				CLANG_WARN_NON_LITERAL_NULL_CONVERSION = YES;
				CLANG_WARN_OBJC_IMPLICIT_RETAIN_SELF = YES;
				CLANG_WARN_OBJC_LITERAL_CONVERSION = YES;
				CLANG_WARN_OBJC_ROOT_CLASS = YES_ERROR;
				CLANG_WARN_QUOTED_INCLUDE_IN_FRAMEWORK_HEADER = YES;
				CLANG_WARN_RANGE_LOOP_ANALYSIS = YES;
				CLANG_WARN_STRICT_PROTOTYPES = YES;
				CLANG_WARN_SUSPICIOUS_MOVE = YES;
				CLANG_WARN_UNGUARDED_AVAILABILITY = YES_AGGRESSIVE;
				CLANG_WARN_UNREACHABLE_CODE = YES;
				CLANG_WARN__DUPLICATE_METHOD_MATCH = YES;
				COPY_PHASE_STRIP = NO;
				DEBUG_INFORMATION_FORMAT = "dwarf-with-dsym";
				ENABLE_NS_ASSERTIONS = NO;
				ENABLE_STRICT_OBJC_MSGSEND = YES;
				GCC_C_LANGUAGE_STANDARD = gnu11;
				GCC_NO_COMMON_BLOCKS = YES;
				GCC_WARN_64_TO_32_BIT_CONVERSION = YES;
				GCC_WARN_ABOUT_RETURN_TYPE = YES_ERROR;
				GCC_WARN_UNDECLARED_SELECTOR = YES;
				GCC_WARN_UNINITIALIZED_AUTOS = YES_AGGRESSIVE;
				GCC_WARN_UNUSED_FUNCTION = YES;
				GCC_WARN_UNUSED_VARIABLE = YES;
				IPHONEOS_DEPLOYMENT_TARGET = 16.4;
				MTL_ENABLE_DEBUG_INFO = NO;
				MTL_FAST_MATH = YES;
				SDKROOT = iphoneos;
				SWIFT_COMPILATION_MODE = wholemodule;
				SWIFT_OPTIMIZATION_LEVEL = "-O";
				VALIDATE_PRODUCT = YES;
			};
			name = Release;
		};
		293FC88C2A80B83F009299B5 /* Debug */ = {
			isa = XCBuildConfiguration;
			buildSettings = {
				ASSETCATALOG_COMPILER_APPICON_NAME = AppIcon;
				ASSETCATALOG_COMPILER_GLOBAL_ACCENT_COLOR_NAME = AccentColor;
				CLANG_ENABLE_MODULES = YES;
				CODE_SIGN_IDENTITY = "Apple Development";
				CODE_SIGN_STYLE = Automatic;
				CURRENT_PROJECT_VERSION = 1;
				DEVELOPMENT_TEAM = 3MX7YWN9ZT;
				GENERATE_INFOPLIST_FILE = YES;
				INFOPLIST_FILE = ToffeeHome/SupportsFiles/Info.plist;
				INFOPLIST_KEY_UIApplicationSupportsIndirectInputEvents = YES;
				INFOPLIST_KEY_UILaunchStoryboardName = LaunchScreen;
				INFOPLIST_KEY_UIMainStoryboardFile = Main;
				INFOPLIST_KEY_UISupportedInterfaceOrientations = UIInterfaceOrientationPortrait;
				IPHONEOS_DEPLOYMENT_TARGET = 16.2;
				LD_RUNPATH_SEARCH_PATHS = (
					"$(inherited)",
					"@executable_path/Frameworks",
				);
				MARKETING_VERSION = 1.0;
				PRODUCT_BUNDLE_IDENTIFIER = com.khaled.com.ToffeeHome;
				PRODUCT_NAME = "$(TARGET_NAME)";
				PROVISIONING_PROFILE_SPECIFIER = "";
				SWIFT_EMIT_LOC_STRINGS = YES;
				SWIFT_OPTIMIZATION_LEVEL = "-Onone";
				SWIFT_VERSION = 5.0;
				TARGETED_DEVICE_FAMILY = "1,2";
			};
			name = Debug;
		};
		293FC88D2A80B83F009299B5 /* Release */ = {
			isa = XCBuildConfiguration;
			buildSettings = {
				ASSETCATALOG_COMPILER_APPICON_NAME = AppIcon;
				ASSETCATALOG_COMPILER_GLOBAL_ACCENT_COLOR_NAME = AccentColor;
				CLANG_ENABLE_MODULES = YES;
				CODE_SIGN_IDENTITY = "Apple Development";
				CODE_SIGN_STYLE = Automatic;
				CURRENT_PROJECT_VERSION = 1;
				DEVELOPMENT_TEAM = 3MX7YWN9ZT;
				GENERATE_INFOPLIST_FILE = YES;
				INFOPLIST_FILE = ToffeeHome/SupportsFiles/Info.plist;
				INFOPLIST_KEY_UIApplicationSupportsIndirectInputEvents = YES;
				INFOPLIST_KEY_UILaunchStoryboardName = LaunchScreen;
				INFOPLIST_KEY_UIMainStoryboardFile = Main;
				INFOPLIST_KEY_UISupportedInterfaceOrientations = UIInterfaceOrientationPortrait;
				IPHONEOS_DEPLOYMENT_TARGET = 16.2;
				LD_RUNPATH_SEARCH_PATHS = (
					"$(inherited)",
					"@executable_path/Frameworks",
				);
				MARKETING_VERSION = 1.0;
				PRODUCT_BUNDLE_IDENTIFIER = com.khaled.com.ToffeeHome;
				PRODUCT_NAME = "$(TARGET_NAME)";
				PROVISIONING_PROFILE_SPECIFIER = "";
				SWIFT_EMIT_LOC_STRINGS = YES;
				SWIFT_VERSION = 5.0;
				TARGETED_DEVICE_FAMILY = "1,2";
			};
			name = Release;
		};
/* End XCBuildConfiguration section */

/* Begin XCConfigurationList section */
		293FC8722A80B83E009299B5 /* Build configuration list for PBXProject "ToffeeHome" */ = {
			isa = XCConfigurationList;
			buildConfigurations = (
				293FC8892A80B83F009299B5 /* Debug */,
				293FC88A2A80B83F009299B5 /* Release */,
			);
			defaultConfigurationIsVisible = 0;
			defaultConfigurationName = Release;
		};
		293FC88B2A80B83F009299B5 /* Build configuration list for PBXNativeTarget "ToffeeHome" */ = {
			isa = XCConfigurationList;
			buildConfigurations = (
				293FC88C2A80B83F009299B5 /* Debug */,
				293FC88D2A80B83F009299B5 /* Release */,
			);
			defaultConfigurationIsVisible = 0;
			defaultConfigurationName = Release;
		};
/* End XCConfigurationList section */
	};
	rootObject = 293FC86F2A80B83E009299B5 /* Project object */;
}
